
Microsoft Visual Studio Solution File, Format Version 12.00
# Visual Studio Version 16
VisualStudioVersion = 16.0.28922.388
MinimumVisualStudioVersion = 10.0.40219.1
Project("{8BC9CEB8-8B4A-11D0-8D11-00A0C91BC942}") = "Task1", "Task1\Task1.vcxproj", "{CC647B9C-5478-40E3-A2D0-3C614DE8F475}"
EndProject
Project("{8BC9CEB8-8B4A-11D0-8D11-00A0C91BC942}") = "Task2", "Task2\Task2.vcxproj", "{B7F4291B-4A11-4D55-A106-2A52542DEDAB}"
EndProject
Project("{8BC9CEB8-8B4A-11D0-8D11-00A0C91BC942}") = "Task3", "Task3\Task3.vcxproj", "{47C4A779-7F65-48A1-AAA6-C3C2D7B70412}"
EndProject
Project("{8BC9CEB8-8B4A-11D0-8D11-00A0C91BC942}") = "Task4", "Task4\Task4.vcxproj", "{2CFE1EB5-0D17-408D-B4D1-D1CF546CBB09}"
EndProject
Project("{8BC9CEB8-8B4A-11D0-8D11-00A0C91BC942}") = "Task5", "Task5\Task5.vcxproj", "{AF8D99ED-B66D-4575-8D5B-E51173E131C1}"
EndProject
Project("{8BC9CEB8-8B4A-11D0-8D11-00A0C91BC942}") = "Task6", "Task6\Task6.vcxproj", "{6DEE1DB1-431E-4229-B9EF-BF54C73E11D7}"
EndProject
Project("{8BC9CEB8-8B4A-11D0-8D11-00A0C91BC942}") = "Task7", "Task7\Task7.vcxproj", "{7B2C562C-93A1-4041-ABDC-BDEC139A98A0}"
EndProject
Project("{8BC9CEB8-8B4A-11D0-8D11-00A0C91BC942}") = "Task8", "Task8\Task8.vcxproj", "{DBBF6E72-2B85-4226-A2FE-EA924A2817C9}"
EndProject
Project("{8BC9CEB8-8B4A-11D0-8D11-00A0C91BC942}") = "Task9", "Task9\Task9.vcxproj", "{3D2F32FF-8184-493F-A111-86DBFE7C611B}"
EndProject
Project("{8BC9CEB8-8B4A-11D0-8D11-00A0C91BC942}") = "Task10", "Task10\Task10.vcxproj", "{39DA746B-8437-4812-84F6-F2CD09465000}"
EndProject
Project("{8BC9CEB8-8B4A-11D0-8D11-00A0C91BC942}") = "Task11", "Task11\Task11.vcxproj", "{DA7BFB8C-FB98-46CB-A88E-B7103A887FEE}"
EndProject
Project("{8BC9CEB8-8B4A-11D0-8D11-00A0C91BC942}") = "Task12", "Task12\Task12.vcxproj", "{2C01D236-A583-4AA8-AD75-706CF35F8196}"
EndProject
Project("{8BC9CEB8-8B4A-11D0-8D11-00A0C91BC942}") = "Task13", "Task13\Task13.vcxproj", "{62A135B5-AB5A-4970-BBD5-51BC07698064}"
EndProject
Project("{8BC9CEB8-8B4A-11D0-8D11-00A0C91BC942}") = "Task14", "Task14\Task14.vcxproj", "{D003A512-00C2-4B20-BD8A-801469EBB86F}"
EndProject
Project("{8BC9CEB8-8B4A-11D0-8D11-00A0C91BC942}") = "Task15", "Task15\Task15.vcxproj", "{ADB4A04B-5511-4B9F-B21E-39CD77E9E149}"
EndProject
Project("{8BC9CEB8-8B4A-11D0-8D11-00A0C91BC942}") = "Task16", "Task16\Task16.vcxproj", "{89CD0F9D-6C53-4D2E-93EE-26B7BCA6BF41}"
EndProject
Project("{8BC9CEB8-8B4A-11D0-8D11-00A0C91BC942}") = "Task17", "Task17\Task17.vcxproj", "{8C3405B7-500D-44D7-A815-2C1D4B54D4B3}"
EndProject
Project("{8BC9CEB8-8B4A-11D0-8D11-00A0C91BC942}") = "Task18", "Task18\Task18.vcxproj", "{A4F8774D-EF66-41EA-A01E-3D453BBD26CC}"
EndProject
Project("{8BC9CEB8-8B4A-11D0-8D11-00A0C91BC942}") = "Task19", "Task19\Task19.vcxproj", "{0FB282EC-5B60-4152-957D-7694BB8A10F4}"
EndProject
Global
	GlobalSection(SolutionConfigurationPlatforms) = preSolution
		Debug|x64 = Debug|x64
		Debug|x86 = Debug|x86
		Release|x64 = Release|x64
		Release|x86 = Release|x86
	EndGlobalSection
	GlobalSection(ProjectConfigurationPlatforms) = postSolution
		{CC647B9C-5478-40E3-A2D0-3C614DE8F475}.Debug|x64.ActiveCfg = Debug|x64
		{CC647B9C-5478-40E3-A2D0-3C614DE8F475}.Debug|x64.Build.0 = Debug|x64
		{CC647B9C-5478-40E3-A2D0-3C614DE8F475}.Debug|x86.ActiveCfg = Debug|Win32
		{CC647B9C-5478-40E3-A2D0-3C614DE8F475}.Debug|x86.Build.0 = Debug|Win32
		{CC647B9C-5478-40E3-A2D0-3C614DE8F475}.Release|x64.ActiveCfg = Release|x64
		{CC647B9C-5478-40E3-A2D0-3C614DE8F475}.Release|x64.Build.0 = Release|x64
		{CC647B9C-5478-40E3-A2D0-3C614DE8F475}.Release|x86.ActiveCfg = Release|Win32
		{CC647B9C-5478-40E3-A2D0-3C614DE8F475}.Release|x86.Build.0 = Release|Win32
		{B7F4291B-4A11-4D55-A106-2A52542DEDAB}.Debug|x64.ActiveCfg = Debug|x64
		{B7F4291B-4A11-4D55-A106-2A52542DEDAB}.Debug|x64.Build.0 = Debug|x64
		{B7F4291B-4A11-4D55-A106-2A52542DEDAB}.Debug|x86.ActiveCfg = Debug|Win32
		{B7F4291B-4A11-4D55-A106-2A52542DEDAB}.Debug|x86.Build.0 = Debug|Win32
		{B7F4291B-4A11-4D55-A106-2A52542DEDAB}.Release|x64.ActiveCfg = Release|x64
		{B7F4291B-4A11-4D55-A106-2A52542DEDAB}.Release|x64.Build.0 = Release|x64
		{B7F4291B-4A11-4D55-A106-2A52542DEDAB}.Release|x86.ActiveCfg = Release|Win32
		{B7F4291B-4A11-4D55-A106-2A52542DEDAB}.Release|x86.Build.0 = Release|Win32
		{47C4A779-7F65-48A1-AAA6-C3C2D7B70412}.Debug|x64.ActiveCfg = Debug|x64
		{47C4A779-7F65-48A1-AAA6-C3C2D7B70412}.Debug|x64.Build.0 = Debug|x64
		{47C4A779-7F65-48A1-AAA6-C3C2D7B70412}.Debug|x86.ActiveCfg = Debug|Win32
		{47C4A779-7F65-48A1-AAA6-C3C2D7B70412}.Debug|x86.Build.0 = Debug|Win32
		{47C4A779-7F65-48A1-AAA6-C3C2D7B70412}.Release|x64.ActiveCfg = Release|x64
		{47C4A779-7F65-48A1-AAA6-C3C2D7B70412}.Release|x64.Build.0 = Release|x64
		{47C4A779-7F65-48A1-AAA6-C3C2D7B70412}.Release|x86.ActiveCfg = Release|Win32
		{47C4A779-7F65-48A1-AAA6-C3C2D7B70412}.Release|x86.Build.0 = Release|Win32
		{2CFE1EB5-0D17-408D-B4D1-D1CF546CBB09}.Debug|x64.ActiveCfg = Debug|x64
		{2CFE1EB5-0D17-408D-B4D1-D1CF546CBB09}.Debug|x64.Build.0 = Debug|x64
		{2CFE1EB5-0D17-408D-B4D1-D1CF546CBB09}.Debug|x86.ActiveCfg = Debug|Win32
		{2CFE1EB5-0D17-408D-B4D1-D1CF546CBB09}.Debug|x86.Build.0 = Debug|Win32
		{2CFE1EB5-0D17-408D-B4D1-D1CF546CBB09}.Release|x64.ActiveCfg = Release|x64
		{2CFE1EB5-0D17-408D-B4D1-D1CF546CBB09}.Release|x64.Build.0 = Release|x64
		{2CFE1EB5-0D17-408D-B4D1-D1CF546CBB09}.Release|x86.ActiveCfg = Release|Win32
		{2CFE1EB5-0D17-408D-B4D1-D1CF546CBB09}.Release|x86.Build.0 = Release|Win32
		{AF8D99ED-B66D-4575-8D5B-E51173E131C1}.Debug|x64.ActiveCfg = Debug|x64
		{AF8D99ED-B66D-4575-8D5B-E51173E131C1}.Debug|x64.Build.0 = Debug|x64
		{AF8D99ED-B66D-4575-8D5B-E51173E131C1}.Debug|x86.ActiveCfg = Debug|Win32
		{AF8D99ED-B66D-4575-8D5B-E51173E131C1}.Debug|x86.Build.0 = Debug|Win32
		{AF8D99ED-B66D-4575-8D5B-E51173E131C1}.Release|x64.ActiveCfg = Release|x64
		{AF8D99ED-B66D-4575-8D5B-E51173E131C1}.Release|x64.Build.0 = Release|x64
		{AF8D99ED-B66D-4575-8D5B-E51173E131C1}.Release|x86.ActiveCfg = Release|Win32
		{AF8D99ED-B66D-4575-8D5B-E51173E131C1}.Release|x86.Build.0 = Release|Win32
		{6DEE1DB1-431E-4229-B9EF-BF54C73E11D7}.Debug|x64.ActiveCfg = Debug|x64
		{6DEE1DB1-431E-4229-B9EF-BF54C73E11D7}.Debug|x64.Build.0 = Debug|x64
		{6DEE1DB1-431E-4229-B9EF-BF54C73E11D7}.Debug|x86.ActiveCfg = Debug|Win32
		{6DEE1DB1-431E-4229-B9EF-BF54C73E11D7}.Debug|x86.Build.0 = Debug|Win32
		{6DEE1DB1-431E-4229-B9EF-BF54C73E11D7}.Release|x64.ActiveCfg = Release|x64
		{6DEE1DB1-431E-4229-B9EF-BF54C73E11D7}.Release|x64.Build.0 = Release|x64
		{6DEE1DB1-431E-4229-B9EF-BF54C73E11D7}.Release|x86.ActiveCfg = Release|Win32
		{6DEE1DB1-431E-4229-B9EF-BF54C73E11D7}.Release|x86.Build.0 = Release|Win32
		{7B2C562C-93A1-4041-ABDC-BDEC139A98A0}.Debug|x64.ActiveCfg = Debug|x64
		{7B2C562C-93A1-4041-ABDC-BDEC139A98A0}.Debug|x64.Build.0 = Debug|x64
		{7B2C562C-93A1-4041-ABDC-BDEC139A98A0}.Debug|x86.ActiveCfg = Debug|Win32
		{7B2C562C-93A1-4041-ABDC-BDEC139A98A0}.Debug|x86.Build.0 = Debug|Win32
		{7B2C562C-93A1-4041-ABDC-BDEC139A98A0}.Release|x64.ActiveCfg = Release|x64
		{7B2C562C-93A1-4041-ABDC-BDEC139A98A0}.Release|x64.Build.0 = Release|x64
		{7B2C562C-93A1-4041-ABDC-BDEC139A98A0}.Release|x86.ActiveCfg = Release|Win32
		{7B2C562C-93A1-4041-ABDC-BDEC139A98A0}.Release|x86.Build.0 = Release|Win32
		{DBBF6E72-2B85-4226-A2FE-EA924A2817C9}.Debug|x64.ActiveCfg = Debug|x64
		{DBBF6E72-2B85-4226-A2FE-EA924A2817C9}.Debug|x64.Build.0 = Debug|x64
		{DBBF6E72-2B85-4226-A2FE-EA924A2817C9}.Debug|x86.ActiveCfg = Debug|Win32
		{DBBF6E72-2B85-4226-A2FE-EA924A2817C9}.Debug|x86.Build.0 = Debug|Win32
		{DBBF6E72-2B85-4226-A2FE-EA924A2817C9}.Release|x64.ActiveCfg = Release|x64
		{DBBF6E72-2B85-4226-A2FE-EA924A2817C9}.Release|x64.Build.0 = Release|x64
		{DBBF6E72-2B85-4226-A2FE-EA924A2817C9}.Release|x86.ActiveCfg = Release|Win32
		{DBBF6E72-2B85-4226-A2FE-EA924A2817C9}.Release|x86.Build.0 = Release|Win32
		{3D2F32FF-8184-493F-A111-86DBFE7C611B}.Debug|x64.ActiveCfg = Debug|x64
		{3D2F32FF-8184-493F-A111-86DBFE7C611B}.Debug|x64.Build.0 = Debug|x64
		{3D2F32FF-8184-493F-A111-86DBFE7C611B}.Debug|x86.ActiveCfg = Debug|Win32
		{3D2F32FF-8184-493F-A111-86DBFE7C611B}.Debug|x86.Build.0 = Debug|Win32
		{3D2F32FF-8184-493F-A111-86DBFE7C611B}.Release|x64.ActiveCfg = Release|x64
		{3D2F32FF-8184-493F-A111-86DBFE7C611B}.Release|x64.Build.0 = Release|x64
		{3D2F32FF-8184-493F-A111-86DBFE7C611B}.Release|x86.ActiveCfg = Release|Win32
		{3D2F32FF-8184-493F-A111-86DBFE7C611B}.Release|x86.Build.0 = Release|Win32
		{39DA746B-8437-4812-84F6-F2CD09465000}.Debug|x64.ActiveCfg = Debug|x64
		{39DA746B-8437-4812-84F6-F2CD09465000}.Debug|x64.Build.0 = Debug|x64
		{39DA746B-8437-4812-84F6-F2CD09465000}.Debug|x86.ActiveCfg = Debug|Win32
		{39DA746B-8437-4812-84F6-F2CD09465000}.Debug|x86.Build.0 = Debug|Win32
		{39DA746B-8437-4812-84F6-F2CD09465000}.Release|x64.ActiveCfg = Release|x64
		{39DA746B-8437-4812-84F6-F2CD09465000}.Release|x64.Build.0 = Release|x64
		{39DA746B-8437-4812-84F6-F2CD09465000}.Release|x86.ActiveCfg = Release|Win32
		{39DA746B-8437-4812-84F6-F2CD09465000}.Release|x86.Build.0 = Release|Win32
		{DA7BFB8C-FB98-46CB-A88E-B7103A887FEE}.Debug|x64.ActiveCfg = Debug|x64
		{DA7BFB8C-FB98-46CB-A88E-B7103A887FEE}.Debug|x64.Build.0 = Debug|x64
		{DA7BFB8C-FB98-46CB-A88E-B7103A887FEE}.Debug|x86.ActiveCfg = Debug|Win32
		{DA7BFB8C-FB98-46CB-A88E-B7103A887FEE}.Debug|x86.Build.0 = Debug|Win32
		{DA7BFB8C-FB98-46CB-A88E-B7103A887FEE}.Release|x64.ActiveCfg = Release|x64
		{DA7BFB8C-FB98-46CB-A88E-B7103A887FEE}.Release|x64.Build.0 = Release|x64
		{DA7BFB8C-FB98-46CB-A88E-B7103A887FEE}.Release|x86.ActiveCfg = Release|Win32
		{DA7BFB8C-FB98-46CB-A88E-B7103A887FEE}.Release|x86.Build.0 = Release|Win32
		{2C01D236-A583-4AA8-AD75-706CF35F8196}.Debug|x64.ActiveCfg = Debug|x64
		{2C01D236-A583-4AA8-AD75-706CF35F8196}.Debug|x64.Build.0 = Debug|x64
		{2C01D236-A583-4AA8-AD75-706CF35F8196}.Debug|x86.ActiveCfg = Debug|Win32
		{2C01D236-A583-4AA8-AD75-706CF35F8196}.Debug|x86.Build.0 = Debug|Win32
		{2C01D236-A583-4AA8-AD75-706CF35F8196}.Release|x64.ActiveCfg = Release|x64
		{2C01D236-A583-4AA8-AD75-706CF35F8196}.Release|x64.Build.0 = Release|x64
		{2C01D236-A583-4AA8-AD75-706CF35F8196}.Release|x86.ActiveCfg = Release|Win32
		{2C01D236-A583-4AA8-AD75-706CF35F8196}.Release|x86.Build.0 = Release|Win32
		{62A135B5-AB5A-4970-BBD5-51BC07698064}.Debug|x64.ActiveCfg = Debug|x64
		{62A135B5-AB5A-4970-BBD5-51BC07698064}.Debug|x64.Build.0 = Debug|x64
		{62A135B5-AB5A-4970-BBD5-51BC07698064}.Debug|x86.ActiveCfg = Debug|Win32
		{62A135B5-AB5A-4970-BBD5-51BC07698064}.Debug|x86.Build.0 = Debug|Win32
		{62A135B5-AB5A-4970-BBD5-51BC07698064}.Release|x64.ActiveCfg = Release|x64
		{62A135B5-AB5A-4970-BBD5-51BC07698064}.Release|x64.Build.0 = Release|x64
		{62A135B5-AB5A-4970-BBD5-51BC07698064}.Release|x86.ActiveCfg = Release|Win32
		{62A135B5-AB5A-4970-BBD5-51BC07698064}.Release|x86.Build.0 = Release|Win32
		{D003A512-00C2-4B20-BD8A-801469EBB86F}.Debug|x64.ActiveCfg = Debug|x64
		{D003A512-00C2-4B20-BD8A-801469EBB86F}.Debug|x64.Build.0 = Debug|x64
		{D003A512-00C2-4B20-BD8A-801469EBB86F}.Debug|x86.ActiveCfg = Debug|Win32
		{D003A512-00C2-4B20-BD8A-801469EBB86F}.Debug|x86.Build.0 = Debug|Win32
		{D003A512-00C2-4B20-BD8A-801469EBB86F}.Release|x64.ActiveCfg = Release|x64
		{D003A512-00C2-4B20-BD8A-801469EBB86F}.Release|x64.Build.0 = Release|x64
		{D003A512-00C2-4B20-BD8A-801469EBB86F}.Release|x86.ActiveCfg = Release|Win32
		{D003A512-00C2-4B20-BD8A-801469EBB86F}.Release|x86.Build.0 = Release|Win32
		{ADB4A04B-5511-4B9F-B21E-39CD77E9E149}.Debug|x64.ActiveCfg = Debug|x64
		{ADB4A04B-5511-4B9F-B21E-39CD77E9E149}.Debug|x64.Build.0 = Debug|x64
		{ADB4A04B-5511-4B9F-B21E-39CD77E9E149}.Debug|x86.ActiveCfg = Debug|Win32
		{ADB4A04B-5511-4B9F-B21E-39CD77E9E149}.Debug|x86.Build.0 = Debug|Win32
		{ADB4A04B-5511-4B9F-B21E-39CD77E9E149}.Release|x64.ActiveCfg = Release|x64
		{ADB4A04B-5511-4B9F-B21E-39CD77E9E149}.Release|x64.Build.0 = Release|x64
		{ADB4A04B-5511-4B9F-B21E-39CD77E9E149}.Release|x86.ActiveCfg = Release|Win32
		{ADB4A04B-5511-4B9F-B21E-39CD77E9E149}.Release|x86.Build.0 = Release|Win32
		{89CD0F9D-6C53-4D2E-93EE-26B7BCA6BF41}.Debug|x64.ActiveCfg = Debug|x64
		{89CD0F9D-6C53-4D2E-93EE-26B7BCA6BF41}.Debug|x64.Build.0 = Debug|x64
		{89CD0F9D-6C53-4D2E-93EE-26B7BCA6BF41}.Debug|x86.ActiveCfg = Debug|Win32
		{89CD0F9D-6C53-4D2E-93EE-26B7BCA6BF41}.Debug|x86.Build.0 = Debug|Win32
		{89CD0F9D-6C53-4D2E-93EE-26B7BCA6BF41}.Release|x64.ActiveCfg = Release|x64
		{89CD0F9D-6C53-4D2E-93EE-26B7BCA6BF41}.Release|x64.Build.0 = Release|x64
		{89CD0F9D-6C53-4D2E-93EE-26B7BCA6BF41}.Release|x86.ActiveCfg = Release|Win32
		{89CD0F9D-6C53-4D2E-93EE-26B7BCA6BF41}.Release|x86.Build.0 = Release|Win32
		{8C3405B7-500D-44D7-A815-2C1D4B54D4B3}.Debug|x64.ActiveCfg = Debug|x64
		{8C3405B7-500D-44D7-A815-2C1D4B54D4B3}.Debug|x64.Build.0 = Debug|x64
		{8C3405B7-500D-44D7-A815-2C1D4B54D4B3}.Debug|x86.ActiveCfg = Debug|Win32
		{8C3405B7-500D-44D7-A815-2C1D4B54D4B3}.Debug|x86.Build.0 = Debug|Win32
		{8C3405B7-500D-44D7-A815-2C1D4B54D4B3}.Release|x64.ActiveCfg = Release|x64
		{8C3405B7-500D-44D7-A815-2C1D4B54D4B3}.Release|x64.Build.0 = Release|x64
		{8C3405B7-500D-44D7-A815-2C1D4B54D4B3}.Release|x86.ActiveCfg = Release|Win32
		{8C3405B7-500D-44D7-A815-2C1D4B54D4B3}.Release|x86.Build.0 = Release|Win32
		{A4F8774D-EF66-41EA-A01E-3D453BBD26CC}.Debug|x64.ActiveCfg = Debug|x64
		{A4F8774D-EF66-41EA-A01E-3D453BBD26CC}.Debug|x64.Build.0 = Debug|x64
		{A4F8774D-EF66-41EA-A01E-3D453BBD26CC}.Debug|x86.ActiveCfg = Debug|Win32
		{A4F8774D-EF66-41EA-A01E-3D453BBD26CC}.Debug|x86.Build.0 = Debug|Win32
		{A4F8774D-EF66-41EA-A01E-3D453BBD26CC}.Release|x64.ActiveCfg = Release|x64
		{A4F8774D-EF66-41EA-A01E-3D453BBD26CC}.Release|x64.Build.0 = Release|x64
		{A4F8774D-EF66-41EA-A01E-3D453BBD26CC}.Release|x86.ActiveCfg = Release|Win32
		{A4F8774D-EF66-41EA-A01E-3D453BBD26CC}.Release|x86.Build.0 = Release|Win32
		{0FB282EC-5B60-4152-957D-7694BB8A10F4}.Debug|x64.ActiveCfg = Debug|x64
		{0FB282EC-5B60-4152-957D-7694BB8A10F4}.Debug|x64.Build.0 = Debug|x64
		{0FB282EC-5B60-4152-957D-7694BB8A10F4}.Debug|x86.ActiveCfg = Debug|Win32
		{0FB282EC-5B60-4152-957D-7694BB8A10F4}.Debug|x86.Build.0 = Debug|Win32
		{0FB282EC-5B60-4152-957D-7694BB8A10F4}.Release|x64.ActiveCfg = Release|x64
		{0FB282EC-5B60-4152-957D-7694BB8A10F4}.Release|x64.Build.0 = Release|x64
		{0FB282EC-5B60-4152-957D-7694BB8A10F4}.Release|x86.ActiveCfg = Release|Win32
		{0FB282EC-5B60-4152-957D-7694BB8A10F4}.Release|x86.Build.0 = Release|Win32
	EndGlobalSection
	GlobalSection(SolutionProperties) = preSolution
		HideSolutionNode = FALSE
	EndGlobalSection
	GlobalSection(ExtensibilityGlobals) = postSolution
		SolutionGuid = {25FF0B89-A817-4330-BEE5-AFC52C7BA1F9}
	EndGlobalSection
EndGlobal
