
Microsoft Visual Studio Solution File, Format Version 12.00
# Visual Studio Version 16
VisualStudioVersion = 16.0.28922.388
MinimumVisualStudioVersion = 10.0.40219.1
Project("{8BC9CEB8-8B4A-11D0-8D11-00A0C91BC942}") = "Task_1", "Task_1\Task_1.vcxproj", "{787806C1-1EAB-4F1C-994C-59DF1CD79648}"
EndProject
Project("{8BC9CEB8-8B4A-11D0-8D11-00A0C91BC942}") = "Task_2", "Task_2\Task_2.vcxproj", "{CF087727-43A9-4632-8557-9769AEAF9681}"
EndProject
Project("{8BC9CEB8-8B4A-11D0-8D11-00A0C91BC942}") = "Task_3", "Task_3\Task_3.vcxproj", "{5A002F85-7D96-4535-992E-8AB436670202}"
EndProject
Project("{8BC9CEB8-8B4A-11D0-8D11-00A0C91BC942}") = "Task_4", "Task_4\Task_4.vcxproj", "{B25F772C-CFFF-4DA5-B0ED-0FC88B7B73B5}"
EndProject
Project("{8BC9CEB8-8B4A-11D0-8D11-00A0C91BC942}") = "Task_5", "Task_5\Task_5.vcxproj", "{F6F959BA-0F5F-416A-8133-69235D571EF6}"
EndProject
Project("{8BC9CEB8-8B4A-11D0-8D11-00A0C91BC942}") = "Task_6", "Task_6\Task_6.vcxproj", "{FEBA1D53-6F57-4E5A-B8C9-0C4943B47109}"
EndProject
Project("{8BC9CEB8-8B4A-11D0-8D11-00A0C91BC942}") = "Task_7", "Task_7\Task_7.vcxproj", "{3E54F82B-4432-4002-B5C8-5D15E13E598F}"
EndProject
Project("{8BC9CEB8-8B4A-11D0-8D11-00A0C91BC942}") = "Task_8", "Task_8\Task_8.vcxproj", "{C483AE32-A52A-446D-8BAB-9D0561F2F9A0}"
EndProject
Project("{8BC9CEB8-8B4A-11D0-8D11-00A0C91BC942}") = "Task_9", "Task_9\Task_9.vcxproj", "{7641F887-0F2F-47C7-86C5-6E4FD6C07903}"
EndProject
Project("{8BC9CEB8-8B4A-11D0-8D11-00A0C91BC942}") = "Task_10", "Task_10\Task_10.vcxproj", "{7AB9C151-2A7A-45A6-B029-ADBED672F025}"
EndProject
Global
	GlobalSection(SolutionConfigurationPlatforms) = preSolution
		Debug|x64 = Debug|x64
		Debug|x86 = Debug|x86
		Release|x64 = Release|x64
		Release|x86 = Release|x86
	EndGlobalSection
	GlobalSection(ProjectConfigurationPlatforms) = postSolution
		{787806C1-1EAB-4F1C-994C-59DF1CD79648}.Debug|x64.ActiveCfg = Debug|x64
		{787806C1-1EAB-4F1C-994C-59DF1CD79648}.Debug|x64.Build.0 = Debug|x64
		{787806C1-1EAB-4F1C-994C-59DF1CD79648}.Debug|x86.ActiveCfg = Debug|Win32
		{787806C1-1EAB-4F1C-994C-59DF1CD79648}.Debug|x86.Build.0 = Debug|Win32
		{787806C1-1EAB-4F1C-994C-59DF1CD79648}.Release|x64.ActiveCfg = Release|x64
		{787806C1-1EAB-4F1C-994C-59DF1CD79648}.Release|x64.Build.0 = Release|x64
		{787806C1-1EAB-4F1C-994C-59DF1CD79648}.Release|x86.ActiveCfg = Release|Win32
		{787806C1-1EAB-4F1C-994C-59DF1CD79648}.Release|x86.Build.0 = Release|Win32
		{CF087727-43A9-4632-8557-9769AEAF9681}.Debug|x64.ActiveCfg = Debug|x64
		{CF087727-43A9-4632-8557-9769AEAF9681}.Debug|x64.Build.0 = Debug|x64
		{CF087727-43A9-4632-8557-9769AEAF9681}.Debug|x86.ActiveCfg = Debug|Win32
		{CF087727-43A9-4632-8557-9769AEAF9681}.Debug|x86.Build.0 = Debug|Win32
		{CF087727-43A9-4632-8557-9769AEAF9681}.Release|x64.ActiveCfg = Release|x64
		{CF087727-43A9-4632-8557-9769AEAF9681}.Release|x64.Build.0 = Release|x64
		{CF087727-43A9-4632-8557-9769AEAF9681}.Release|x86.ActiveCfg = Release|Win32
		{CF087727-43A9-4632-8557-9769AEAF9681}.Release|x86.Build.0 = Release|Win32
		{5A002F85-7D96-4535-992E-8AB436670202}.Debug|x64.ActiveCfg = Debug|x64
		{5A002F85-7D96-4535-992E-8AB436670202}.Debug|x64.Build.0 = Debug|x64
		{5A002F85-7D96-4535-992E-8AB436670202}.Debug|x86.ActiveCfg = Debug|Win32
		{5A002F85-7D96-4535-992E-8AB436670202}.Debug|x86.Build.0 = Debug|Win32
		{5A002F85-7D96-4535-992E-8AB436670202}.Release|x64.ActiveCfg = Release|x64
		{5A002F85-7D96-4535-992E-8AB436670202}.Release|x64.Build.0 = Release|x64
		{5A002F85-7D96-4535-992E-8AB436670202}.Release|x86.ActiveCfg = Release|Win32
		{5A002F85-7D96-4535-992E-8AB436670202}.Release|x86.Build.0 = Release|Win32
		{B25F772C-CFFF-4DA5-B0ED-0FC88B7B73B5}.Debug|x64.ActiveCfg = Debug|x64
		{B25F772C-CFFF-4DA5-B0ED-0FC88B7B73B5}.Debug|x64.Build.0 = Debug|x64
		{B25F772C-CFFF-4DA5-B0ED-0FC88B7B73B5}.Debug|x86.ActiveCfg = Debug|Win32
		{B25F772C-CFFF-4DA5-B0ED-0FC88B7B73B5}.Debug|x86.Build.0 = Debug|Win32
		{B25F772C-CFFF-4DA5-B0ED-0FC88B7B73B5}.Release|x64.ActiveCfg = Release|x64
		{B25F772C-CFFF-4DA5-B0ED-0FC88B7B73B5}.Release|x64.Build.0 = Release|x64
		{B25F772C-CFFF-4DA5-B0ED-0FC88B7B73B5}.Release|x86.ActiveCfg = Release|Win32
		{B25F772C-CFFF-4DA5-B0ED-0FC88B7B73B5}.Release|x86.Build.0 = Release|Win32
		{F6F959BA-0F5F-416A-8133-69235D571EF6}.Debug|x64.ActiveCfg = Debug|x64
		{F6F959BA-0F5F-416A-8133-69235D571EF6}.Debug|x64.Build.0 = Debug|x64
		{F6F959BA-0F5F-416A-8133-69235D571EF6}.Debug|x86.ActiveCfg = Debug|Win32
		{F6F959BA-0F5F-416A-8133-69235D571EF6}.Debug|x86.Build.0 = Debug|Win32
		{F6F959BA-0F5F-416A-8133-69235D571EF6}.Release|x64.ActiveCfg = Release|x64
		{F6F959BA-0F5F-416A-8133-69235D571EF6}.Release|x64.Build.0 = Release|x64
		{F6F959BA-0F5F-416A-8133-69235D571EF6}.Release|x86.ActiveCfg = Release|Win32
		{F6F959BA-0F5F-416A-8133-69235D571EF6}.Release|x86.Build.0 = Release|Win32
		{FEBA1D53-6F57-4E5A-B8C9-0C4943B47109}.Debug|x64.ActiveCfg = Debug|x64
		{FEBA1D53-6F57-4E5A-B8C9-0C4943B47109}.Debug|x64.Build.0 = Debug|x64
		{FEBA1D53-6F57-4E5A-B8C9-0C4943B47109}.Debug|x86.ActiveCfg = Debug|Win32
		{FEBA1D53-6F57-4E5A-B8C9-0C4943B47109}.Debug|x86.Build.0 = Debug|Win32
		{FEBA1D53-6F57-4E5A-B8C9-0C4943B47109}.Release|x64.ActiveCfg = Release|x64
		{FEBA1D53-6F57-4E5A-B8C9-0C4943B47109}.Release|x64.Build.0 = Release|x64
		{FEBA1D53-6F57-4E5A-B8C9-0C4943B47109}.Release|x86.ActiveCfg = Release|Win32
		{FEBA1D53-6F57-4E5A-B8C9-0C4943B47109}.Release|x86.Build.0 = Release|Win32
		{3E54F82B-4432-4002-B5C8-5D15E13E598F}.Debug|x64.ActiveCfg = Debug|x64
		{3E54F82B-4432-4002-B5C8-5D15E13E598F}.Debug|x64.Build.0 = Debug|x64
		{3E54F82B-4432-4002-B5C8-5D15E13E598F}.Debug|x86.ActiveCfg = Debug|Win32
		{3E54F82B-4432-4002-B5C8-5D15E13E598F}.Debug|x86.Build.0 = Debug|Win32
		{3E54F82B-4432-4002-B5C8-5D15E13E598F}.Release|x64.ActiveCfg = Release|x64
		{3E54F82B-4432-4002-B5C8-5D15E13E598F}.Release|x64.Build.0 = Release|x64
		{3E54F82B-4432-4002-B5C8-5D15E13E598F}.Release|x86.ActiveCfg = Release|Win32
		{3E54F82B-4432-4002-B5C8-5D15E13E598F}.Release|x86.Build.0 = Release|Win32
		{C483AE32-A52A-446D-8BAB-9D0561F2F9A0}.Debug|x64.ActiveCfg = Debug|x64
		{C483AE32-A52A-446D-8BAB-9D0561F2F9A0}.Debug|x64.Build.0 = Debug|x64
		{C483AE32-A52A-446D-8BAB-9D0561F2F9A0}.Debug|x86.ActiveCfg = Debug|Win32
		{C483AE32-A52A-446D-8BAB-9D0561F2F9A0}.Debug|x86.Build.0 = Debug|Win32
		{C483AE32-A52A-446D-8BAB-9D0561F2F9A0}.Release|x64.ActiveCfg = Release|x64
		{C483AE32-A52A-446D-8BAB-9D0561F2F9A0}.Release|x64.Build.0 = Release|x64
		{C483AE32-A52A-446D-8BAB-9D0561F2F9A0}.Release|x86.ActiveCfg = Release|Win32
		{C483AE32-A52A-446D-8BAB-9D0561F2F9A0}.Release|x86.Build.0 = Release|Win32
		{7641F887-0F2F-47C7-86C5-6E4FD6C07903}.Debug|x64.ActiveCfg = Debug|x64
		{7641F887-0F2F-47C7-86C5-6E4FD6C07903}.Debug|x64.Build.0 = Debug|x64
		{7641F887-0F2F-47C7-86C5-6E4FD6C07903}.Debug|x86.ActiveCfg = Debug|Win32
		{7641F887-0F2F-47C7-86C5-6E4FD6C07903}.Debug|x86.Build.0 = Debug|Win32
		{7641F887-0F2F-47C7-86C5-6E4FD6C07903}.Release|x64.ActiveCfg = Release|x64
		{7641F887-0F2F-47C7-86C5-6E4FD6C07903}.Release|x64.Build.0 = Release|x64
		{7641F887-0F2F-47C7-86C5-6E4FD6C07903}.Release|x86.ActiveCfg = Release|Win32
		{7641F887-0F2F-47C7-86C5-6E4FD6C07903}.Release|x86.Build.0 = Release|Win32
		{7AB9C151-2A7A-45A6-B029-ADBED672F025}.Debug|x64.ActiveCfg = Debug|x64
		{7AB9C151-2A7A-45A6-B029-ADBED672F025}.Debug|x64.Build.0 = Debug|x64
		{7AB9C151-2A7A-45A6-B029-ADBED672F025}.Debug|x86.ActiveCfg = Debug|Win32
		{7AB9C151-2A7A-45A6-B029-ADBED672F025}.Debug|x86.Build.0 = Debug|Win32
		{7AB9C151-2A7A-45A6-B029-ADBED672F025}.Release|x64.ActiveCfg = Release|x64
		{7AB9C151-2A7A-45A6-B029-ADBED672F025}.Release|x64.Build.0 = Release|x64
		{7AB9C151-2A7A-45A6-B029-ADBED672F025}.Release|x86.ActiveCfg = Release|Win32
		{7AB9C151-2A7A-45A6-B029-ADBED672F025}.Release|x86.Build.0 = Release|Win32
	EndGlobalSection
	GlobalSection(SolutionProperties) = preSolution
		HideSolutionNode = FALSE
	EndGlobalSection
	GlobalSection(ExtensibilityGlobals) = postSolution
		SolutionGuid = {C979B575-42FC-4523-908A-B0ECB3A38FB8}
	EndGlobalSection
EndGlobal
