
Microsoft Visual Studio Solution File, Format Version 12.00
# Visual Studio Version 16
VisualStudioVersion = 16.0.28922.388
MinimumVisualStudioVersion = 10.0.40219.1
Project("{8BC9CEB8-8B4A-11D0-8D11-00A0C91BC942}") = "Task1", "Task1\Task1.vcxproj", "{FBF1525F-3B7C-4100-B668-19EBF536F798}"
EndProject
Project("{8BC9CEB8-8B4A-11D0-8D11-00A0C91BC942}") = "Task2", "Task2\Task2.vcxproj", "{4154E191-B056-4D8C-B414-5977D62E2B1A}"
EndProject
Project("{8BC9CEB8-8B4A-11D0-8D11-00A0C91BC942}") = "Task3", "Task3\Task3.vcxproj", "{36AB3939-C595-498E-8643-71CBF9CEDAFE}"
EndProject
Project("{8BC9CEB8-8B4A-11D0-8D11-00A0C91BC942}") = "Task4", "Task4\Task4.vcxproj", "{392E0B1A-8175-4602-B717-2E31C7B82E38}"
EndProject
Project("{8BC9CEB8-8B4A-11D0-8D11-00A0C91BC942}") = "Task5", "Task5\Task5.vcxproj", "{0F40E71E-DDED-42E3-B834-95812F8D89D4}"
EndProject
Project("{8BC9CEB8-8B4A-11D0-8D11-00A0C91BC942}") = "Task6", "Task6\Task6.vcxproj", "{00A81394-7D39-4FCA-8ABF-E4308A10A047}"
EndProject
Project("{8BC9CEB8-8B4A-11D0-8D11-00A0C91BC942}") = "Task7", "Task7\Task7.vcxproj", "{B8E389E6-A84C-4BA2-9CDA-966DEA289431}"
EndProject
Project("{8BC9CEB8-8B4A-11D0-8D11-00A0C91BC942}") = "Task8", "Task8\Task8.vcxproj", "{AFFED83C-2FB2-408D-B55B-077CA84AC5FF}"
EndProject
Project("{8BC9CEB8-8B4A-11D0-8D11-00A0C91BC942}") = "Task9", "Task9\Task9.vcxproj", "{91887F3E-074A-45AF-979C-9379BF42A78E}"
EndProject
Project("{8BC9CEB8-8B4A-11D0-8D11-00A0C91BC942}") = "Task10", "Task10\Task10.vcxproj", "{04CA50DF-FBA6-4436-81D7-6F696340B26E}"
EndProject
Project("{8BC9CEB8-8B4A-11D0-8D11-00A0C91BC942}") = "Task11", "Task11\Task11.vcxproj", "{C0D4FAB3-BCD6-4A6E-9FE2-4C0D9500C068}"
EndProject
Project("{8BC9CEB8-8B4A-11D0-8D11-00A0C91BC942}") = "Task12", "Task12\Task12.vcxproj", "{0BB3B1E6-E5E3-48CC-8357-A159362401AB}"
EndProject
Project("{8BC9CEB8-8B4A-11D0-8D11-00A0C91BC942}") = "Task13", "Task13\Task13.vcxproj", "{D955D163-9A11-471E-AD4F-EAE8FB18FDA6}"
EndProject
Global
	GlobalSection(SolutionConfigurationPlatforms) = preSolution
		Debug|x64 = Debug|x64
		Debug|x86 = Debug|x86
		Release|x64 = Release|x64
		Release|x86 = Release|x86
	EndGlobalSection
	GlobalSection(ProjectConfigurationPlatforms) = postSolution
		{FBF1525F-3B7C-4100-B668-19EBF536F798}.Debug|x64.ActiveCfg = Debug|x64
		{FBF1525F-3B7C-4100-B668-19EBF536F798}.Debug|x64.Build.0 = Debug|x64
		{FBF1525F-3B7C-4100-B668-19EBF536F798}.Debug|x86.ActiveCfg = Debug|Win32
		{FBF1525F-3B7C-4100-B668-19EBF536F798}.Debug|x86.Build.0 = Debug|Win32
		{FBF1525F-3B7C-4100-B668-19EBF536F798}.Release|x64.ActiveCfg = Release|x64
		{FBF1525F-3B7C-4100-B668-19EBF536F798}.Release|x64.Build.0 = Release|x64
		{FBF1525F-3B7C-4100-B668-19EBF536F798}.Release|x86.ActiveCfg = Release|Win32
		{FBF1525F-3B7C-4100-B668-19EBF536F798}.Release|x86.Build.0 = Release|Win32
		{4154E191-B056-4D8C-B414-5977D62E2B1A}.Debug|x64.ActiveCfg = Debug|x64
		{4154E191-B056-4D8C-B414-5977D62E2B1A}.Debug|x64.Build.0 = Debug|x64
		{4154E191-B056-4D8C-B414-5977D62E2B1A}.Debug|x86.ActiveCfg = Debug|Win32
		{4154E191-B056-4D8C-B414-5977D62E2B1A}.Debug|x86.Build.0 = Debug|Win32
		{4154E191-B056-4D8C-B414-5977D62E2B1A}.Release|x64.ActiveCfg = Release|x64
		{4154E191-B056-4D8C-B414-5977D62E2B1A}.Release|x64.Build.0 = Release|x64
		{4154E191-B056-4D8C-B414-5977D62E2B1A}.Release|x86.ActiveCfg = Release|Win32
		{4154E191-B056-4D8C-B414-5977D62E2B1A}.Release|x86.Build.0 = Release|Win32
		{36AB3939-C595-498E-8643-71CBF9CEDAFE}.Debug|x64.ActiveCfg = Debug|x64
		{36AB3939-C595-498E-8643-71CBF9CEDAFE}.Debug|x64.Build.0 = Debug|x64
		{36AB3939-C595-498E-8643-71CBF9CEDAFE}.Debug|x86.ActiveCfg = Debug|Win32
		{36AB3939-C595-498E-8643-71CBF9CEDAFE}.Debug|x86.Build.0 = Debug|Win32
		{36AB3939-C595-498E-8643-71CBF9CEDAFE}.Release|x64.ActiveCfg = Release|x64
		{36AB3939-C595-498E-8643-71CBF9CEDAFE}.Release|x64.Build.0 = Release|x64
		{36AB3939-C595-498E-8643-71CBF9CEDAFE}.Release|x86.ActiveCfg = Release|Win32
		{36AB3939-C595-498E-8643-71CBF9CEDAFE}.Release|x86.Build.0 = Release|Win32
		{392E0B1A-8175-4602-B717-2E31C7B82E38}.Debug|x64.ActiveCfg = Debug|x64
		{392E0B1A-8175-4602-B717-2E31C7B82E38}.Debug|x64.Build.0 = Debug|x64
		{392E0B1A-8175-4602-B717-2E31C7B82E38}.Debug|x86.ActiveCfg = Debug|Win32
		{392E0B1A-8175-4602-B717-2E31C7B82E38}.Debug|x86.Build.0 = Debug|Win32
		{392E0B1A-8175-4602-B717-2E31C7B82E38}.Release|x64.ActiveCfg = Release|x64
		{392E0B1A-8175-4602-B717-2E31C7B82E38}.Release|x64.Build.0 = Release|x64
		{392E0B1A-8175-4602-B717-2E31C7B82E38}.Release|x86.ActiveCfg = Release|Win32
		{392E0B1A-8175-4602-B717-2E31C7B82E38}.Release|x86.Build.0 = Release|Win32
		{0F40E71E-DDED-42E3-B834-95812F8D89D4}.Debug|x64.ActiveCfg = Debug|x64
		{0F40E71E-DDED-42E3-B834-95812F8D89D4}.Debug|x64.Build.0 = Debug|x64
		{0F40E71E-DDED-42E3-B834-95812F8D89D4}.Debug|x86.ActiveCfg = Debug|Win32
		{0F40E71E-DDED-42E3-B834-95812F8D89D4}.Debug|x86.Build.0 = Debug|Win32
		{0F40E71E-DDED-42E3-B834-95812F8D89D4}.Release|x64.ActiveCfg = Release|x64
		{0F40E71E-DDED-42E3-B834-95812F8D89D4}.Release|x64.Build.0 = Release|x64
		{0F40E71E-DDED-42E3-B834-95812F8D89D4}.Release|x86.ActiveCfg = Release|Win32
		{0F40E71E-DDED-42E3-B834-95812F8D89D4}.Release|x86.Build.0 = Release|Win32
		{00A81394-7D39-4FCA-8ABF-E4308A10A047}.Debug|x64.ActiveCfg = Debug|x64
		{00A81394-7D39-4FCA-8ABF-E4308A10A047}.Debug|x64.Build.0 = Debug|x64
		{00A81394-7D39-4FCA-8ABF-E4308A10A047}.Debug|x86.ActiveCfg = Debug|Win32
		{00A81394-7D39-4FCA-8ABF-E4308A10A047}.Debug|x86.Build.0 = Debug|Win32
		{00A81394-7D39-4FCA-8ABF-E4308A10A047}.Release|x64.ActiveCfg = Release|x64
		{00A81394-7D39-4FCA-8ABF-E4308A10A047}.Release|x64.Build.0 = Release|x64
		{00A81394-7D39-4FCA-8ABF-E4308A10A047}.Release|x86.ActiveCfg = Release|Win32
		{00A81394-7D39-4FCA-8ABF-E4308A10A047}.Release|x86.Build.0 = Release|Win32
		{B8E389E6-A84C-4BA2-9CDA-966DEA289431}.Debug|x64.ActiveCfg = Debug|x64
		{B8E389E6-A84C-4BA2-9CDA-966DEA289431}.Debug|x64.Build.0 = Debug|x64
		{B8E389E6-A84C-4BA2-9CDA-966DEA289431}.Debug|x86.ActiveCfg = Debug|Win32
		{B8E389E6-A84C-4BA2-9CDA-966DEA289431}.Debug|x86.Build.0 = Debug|Win32
		{B8E389E6-A84C-4BA2-9CDA-966DEA289431}.Release|x64.ActiveCfg = Release|x64
		{B8E389E6-A84C-4BA2-9CDA-966DEA289431}.Release|x64.Build.0 = Release|x64
		{B8E389E6-A84C-4BA2-9CDA-966DEA289431}.Release|x86.ActiveCfg = Release|Win32
		{B8E389E6-A84C-4BA2-9CDA-966DEA289431}.Release|x86.Build.0 = Release|Win32
		{AFFED83C-2FB2-408D-B55B-077CA84AC5FF}.Debug|x64.ActiveCfg = Debug|x64
		{AFFED83C-2FB2-408D-B55B-077CA84AC5FF}.Debug|x64.Build.0 = Debug|x64
		{AFFED83C-2FB2-408D-B55B-077CA84AC5FF}.Debug|x86.ActiveCfg = Debug|Win32
		{AFFED83C-2FB2-408D-B55B-077CA84AC5FF}.Debug|x86.Build.0 = Debug|Win32
		{AFFED83C-2FB2-408D-B55B-077CA84AC5FF}.Release|x64.ActiveCfg = Release|x64
		{AFFED83C-2FB2-408D-B55B-077CA84AC5FF}.Release|x64.Build.0 = Release|x64
		{AFFED83C-2FB2-408D-B55B-077CA84AC5FF}.Release|x86.ActiveCfg = Release|Win32
		{AFFED83C-2FB2-408D-B55B-077CA84AC5FF}.Release|x86.Build.0 = Release|Win32
		{91887F3E-074A-45AF-979C-9379BF42A78E}.Debug|x64.ActiveCfg = Debug|x64
		{91887F3E-074A-45AF-979C-9379BF42A78E}.Debug|x64.Build.0 = Debug|x64
		{91887F3E-074A-45AF-979C-9379BF42A78E}.Debug|x86.ActiveCfg = Debug|Win32
		{91887F3E-074A-45AF-979C-9379BF42A78E}.Debug|x86.Build.0 = Debug|Win32
		{91887F3E-074A-45AF-979C-9379BF42A78E}.Release|x64.ActiveCfg = Release|x64
		{91887F3E-074A-45AF-979C-9379BF42A78E}.Release|x64.Build.0 = Release|x64
		{91887F3E-074A-45AF-979C-9379BF42A78E}.Release|x86.ActiveCfg = Release|Win32
		{91887F3E-074A-45AF-979C-9379BF42A78E}.Release|x86.Build.0 = Release|Win32
		{04CA50DF-FBA6-4436-81D7-6F696340B26E}.Debug|x64.ActiveCfg = Debug|x64
		{04CA50DF-FBA6-4436-81D7-6F696340B26E}.Debug|x64.Build.0 = Debug|x64
		{04CA50DF-FBA6-4436-81D7-6F696340B26E}.Debug|x86.ActiveCfg = Debug|Win32
		{04CA50DF-FBA6-4436-81D7-6F696340B26E}.Debug|x86.Build.0 = Debug|Win32
		{04CA50DF-FBA6-4436-81D7-6F696340B26E}.Release|x64.ActiveCfg = Release|x64
		{04CA50DF-FBA6-4436-81D7-6F696340B26E}.Release|x64.Build.0 = Release|x64
		{04CA50DF-FBA6-4436-81D7-6F696340B26E}.Release|x86.ActiveCfg = Release|Win32
		{04CA50DF-FBA6-4436-81D7-6F696340B26E}.Release|x86.Build.0 = Release|Win32
		{C0D4FAB3-BCD6-4A6E-9FE2-4C0D9500C068}.Debug|x64.ActiveCfg = Debug|x64
		{C0D4FAB3-BCD6-4A6E-9FE2-4C0D9500C068}.Debug|x64.Build.0 = Debug|x64
		{C0D4FAB3-BCD6-4A6E-9FE2-4C0D9500C068}.Debug|x86.ActiveCfg = Debug|Win32
		{C0D4FAB3-BCD6-4A6E-9FE2-4C0D9500C068}.Debug|x86.Build.0 = Debug|Win32
		{C0D4FAB3-BCD6-4A6E-9FE2-4C0D9500C068}.Release|x64.ActiveCfg = Release|x64
		{C0D4FAB3-BCD6-4A6E-9FE2-4C0D9500C068}.Release|x64.Build.0 = Release|x64
		{C0D4FAB3-BCD6-4A6E-9FE2-4C0D9500C068}.Release|x86.ActiveCfg = Release|Win32
		{C0D4FAB3-BCD6-4A6E-9FE2-4C0D9500C068}.Release|x86.Build.0 = Release|Win32
		{0BB3B1E6-E5E3-48CC-8357-A159362401AB}.Debug|x64.ActiveCfg = Debug|x64
		{0BB3B1E6-E5E3-48CC-8357-A159362401AB}.Debug|x64.Build.0 = Debug|x64
		{0BB3B1E6-E5E3-48CC-8357-A159362401AB}.Debug|x86.ActiveCfg = Debug|Win32
		{0BB3B1E6-E5E3-48CC-8357-A159362401AB}.Debug|x86.Build.0 = Debug|Win32
		{0BB3B1E6-E5E3-48CC-8357-A159362401AB}.Release|x64.ActiveCfg = Release|x64
		{0BB3B1E6-E5E3-48CC-8357-A159362401AB}.Release|x64.Build.0 = Release|x64
		{0BB3B1E6-E5E3-48CC-8357-A159362401AB}.Release|x86.ActiveCfg = Release|Win32
		{0BB3B1E6-E5E3-48CC-8357-A159362401AB}.Release|x86.Build.0 = Release|Win32
		{D955D163-9A11-471E-AD4F-EAE8FB18FDA6}.Debug|x64.ActiveCfg = Debug|x64
		{D955D163-9A11-471E-AD4F-EAE8FB18FDA6}.Debug|x64.Build.0 = Debug|x64
		{D955D163-9A11-471E-AD4F-EAE8FB18FDA6}.Debug|x86.ActiveCfg = Debug|Win32
		{D955D163-9A11-471E-AD4F-EAE8FB18FDA6}.Debug|x86.Build.0 = Debug|Win32
		{D955D163-9A11-471E-AD4F-EAE8FB18FDA6}.Release|x64.ActiveCfg = Release|x64
		{D955D163-9A11-471E-AD4F-EAE8FB18FDA6}.Release|x64.Build.0 = Release|x64
		{D955D163-9A11-471E-AD4F-EAE8FB18FDA6}.Release|x86.ActiveCfg = Release|Win32
		{D955D163-9A11-471E-AD4F-EAE8FB18FDA6}.Release|x86.Build.0 = Release|Win32
	EndGlobalSection
	GlobalSection(SolutionProperties) = preSolution
		HideSolutionNode = FALSE
	EndGlobalSection
	GlobalSection(ExtensibilityGlobals) = postSolution
		SolutionGuid = {55B65F2C-AB09-4610-B7DC-48E5B36102EE}
	EndGlobalSection
EndGlobal
