
Microsoft Visual Studio Solution File, Format Version 12.00
# Visual Studio 15
VisualStudioVersion = 15.0.28307.705
MinimumVisualStudioVersion = 10.0.40219.1
Project("{8BC9CEB8-8B4A-11D0-8D11-00A0C91BC942}") = "Task_1", "Task_1\Task_1.vcxproj", "{CE147FF7-7FE2-43E2-9C4F-FC5F91A01A64}"
EndProject
Project("{8BC9CEB8-8B4A-11D0-8D11-00A0C91BC942}") = "Task_2", "Task_2\Task_2.vcxproj", "{0386F439-93B0-49DA-B4F6-27B9256225ED}"
EndProject
Project("{8BC9CEB8-8B4A-11D0-8D11-00A0C91BC942}") = "Task_3", "Task_3\Task_3.vcxproj", "{D160F700-1E09-42AB-8339-975488ED57B9}"
EndProject
Project("{8BC9CEB8-8B4A-11D0-8D11-00A0C91BC942}") = "Task_4", "Task_4\Task_4.vcxproj", "{6CAF0BA7-0950-42BB-B40E-AC4B24CF76BD}"
EndProject
Project("{8BC9CEB8-8B4A-11D0-8D11-00A0C91BC942}") = "Task_5", "Task_5\Task_5.vcxproj", "{F4A4DB05-4BE5-48DF-A488-E8CE0FA47C04}"
EndProject
Project("{8BC9CEB8-8B4A-11D0-8D11-00A0C91BC942}") = "Task_6", "Task_6\Task_6.vcxproj", "{C4329AEE-ED97-4BCE-BB02-362189C40DCC}"
EndProject
Project("{8BC9CEB8-8B4A-11D0-8D11-00A0C91BC942}") = "Task_7", "Task_7\Task_7.vcxproj", "{5BF0F73F-E0D1-4D52-89AF-8450456888E4}"
EndProject
Project("{8BC9CEB8-8B4A-11D0-8D11-00A0C91BC942}") = "Task_8", "Task_8\Task_8.vcxproj", "{108A8341-8E11-4EC9-9376-E4837A6AC13B}"
EndProject
Project("{8BC9CEB8-8B4A-11D0-8D11-00A0C91BC942}") = "Task_9", "Task_9\Task_9.vcxproj", "{5E731AE2-805F-44BB-9DAC-2EBEC0507920}"
EndProject
Project("{8BC9CEB8-8B4A-11D0-8D11-00A0C91BC942}") = "Task_10", "Task_10\Task_10.vcxproj", "{6FFF2BF6-C977-454B-9F56-7F8B99373E74}"
EndProject
Global
	GlobalSection(SolutionConfigurationPlatforms) = preSolution
		Debug|x64 = Debug|x64
		Debug|x86 = Debug|x86
		Release|x64 = Release|x64
		Release|x86 = Release|x86
	EndGlobalSection
	GlobalSection(ProjectConfigurationPlatforms) = postSolution
		{CE147FF7-7FE2-43E2-9C4F-FC5F91A01A64}.Debug|x64.ActiveCfg = Debug|x64
		{CE147FF7-7FE2-43E2-9C4F-FC5F91A01A64}.Debug|x64.Build.0 = Debug|x64
		{CE147FF7-7FE2-43E2-9C4F-FC5F91A01A64}.Debug|x86.ActiveCfg = Debug|Win32
		{CE147FF7-7FE2-43E2-9C4F-FC5F91A01A64}.Debug|x86.Build.0 = Debug|Win32
		{CE147FF7-7FE2-43E2-9C4F-FC5F91A01A64}.Release|x64.ActiveCfg = Release|x64
		{CE147FF7-7FE2-43E2-9C4F-FC5F91A01A64}.Release|x64.Build.0 = Release|x64
		{CE147FF7-7FE2-43E2-9C4F-FC5F91A01A64}.Release|x86.ActiveCfg = Release|Win32
		{CE147FF7-7FE2-43E2-9C4F-FC5F91A01A64}.Release|x86.Build.0 = Release|Win32
		{0386F439-93B0-49DA-B4F6-27B9256225ED}.Debug|x64.ActiveCfg = Debug|x64
		{0386F439-93B0-49DA-B4F6-27B9256225ED}.Debug|x64.Build.0 = Debug|x64
		{0386F439-93B0-49DA-B4F6-27B9256225ED}.Debug|x86.ActiveCfg = Debug|Win32
		{0386F439-93B0-49DA-B4F6-27B9256225ED}.Debug|x86.Build.0 = Debug|Win32
		{0386F439-93B0-49DA-B4F6-27B9256225ED}.Release|x64.ActiveCfg = Release|x64
		{0386F439-93B0-49DA-B4F6-27B9256225ED}.Release|x64.Build.0 = Release|x64
		{0386F439-93B0-49DA-B4F6-27B9256225ED}.Release|x86.ActiveCfg = Release|Win32
		{0386F439-93B0-49DA-B4F6-27B9256225ED}.Release|x86.Build.0 = Release|Win32
		{D160F700-1E09-42AB-8339-975488ED57B9}.Debug|x64.ActiveCfg = Debug|x64
		{D160F700-1E09-42AB-8339-975488ED57B9}.Debug|x64.Build.0 = Debug|x64
		{D160F700-1E09-42AB-8339-975488ED57B9}.Debug|x86.ActiveCfg = Debug|Win32
		{D160F700-1E09-42AB-8339-975488ED57B9}.Debug|x86.Build.0 = Debug|Win32
		{D160F700-1E09-42AB-8339-975488ED57B9}.Release|x64.ActiveCfg = Release|x64
		{D160F700-1E09-42AB-8339-975488ED57B9}.Release|x64.Build.0 = Release|x64
		{D160F700-1E09-42AB-8339-975488ED57B9}.Release|x86.ActiveCfg = Release|Win32
		{D160F700-1E09-42AB-8339-975488ED57B9}.Release|x86.Build.0 = Release|Win32
		{6CAF0BA7-0950-42BB-B40E-AC4B24CF76BD}.Debug|x64.ActiveCfg = Debug|x64
		{6CAF0BA7-0950-42BB-B40E-AC4B24CF76BD}.Debug|x64.Build.0 = Debug|x64
		{6CAF0BA7-0950-42BB-B40E-AC4B24CF76BD}.Debug|x86.ActiveCfg = Debug|Win32
		{6CAF0BA7-0950-42BB-B40E-AC4B24CF76BD}.Debug|x86.Build.0 = Debug|Win32
		{6CAF0BA7-0950-42BB-B40E-AC4B24CF76BD}.Release|x64.ActiveCfg = Release|x64
		{6CAF0BA7-0950-42BB-B40E-AC4B24CF76BD}.Release|x64.Build.0 = Release|x64
		{6CAF0BA7-0950-42BB-B40E-AC4B24CF76BD}.Release|x86.ActiveCfg = Release|Win32
		{6CAF0BA7-0950-42BB-B40E-AC4B24CF76BD}.Release|x86.Build.0 = Release|Win32
		{F4A4DB05-4BE5-48DF-A488-E8CE0FA47C04}.Debug|x64.ActiveCfg = Debug|x64
		{F4A4DB05-4BE5-48DF-A488-E8CE0FA47C04}.Debug|x64.Build.0 = Debug|x64
		{F4A4DB05-4BE5-48DF-A488-E8CE0FA47C04}.Debug|x86.ActiveCfg = Debug|Win32
		{F4A4DB05-4BE5-48DF-A488-E8CE0FA47C04}.Debug|x86.Build.0 = Debug|Win32
		{F4A4DB05-4BE5-48DF-A488-E8CE0FA47C04}.Release|x64.ActiveCfg = Release|x64
		{F4A4DB05-4BE5-48DF-A488-E8CE0FA47C04}.Release|x64.Build.0 = Release|x64
		{F4A4DB05-4BE5-48DF-A488-E8CE0FA47C04}.Release|x86.ActiveCfg = Release|Win32
		{F4A4DB05-4BE5-48DF-A488-E8CE0FA47C04}.Release|x86.Build.0 = Release|Win32
		{C4329AEE-ED97-4BCE-BB02-362189C40DCC}.Debug|x64.ActiveCfg = Debug|x64
		{C4329AEE-ED97-4BCE-BB02-362189C40DCC}.Debug|x64.Build.0 = Debug|x64
		{C4329AEE-ED97-4BCE-BB02-362189C40DCC}.Debug|x86.ActiveCfg = Debug|Win32
		{C4329AEE-ED97-4BCE-BB02-362189C40DCC}.Debug|x86.Build.0 = Debug|Win32
		{C4329AEE-ED97-4BCE-BB02-362189C40DCC}.Release|x64.ActiveCfg = Release|x64
		{C4329AEE-ED97-4BCE-BB02-362189C40DCC}.Release|x64.Build.0 = Release|x64
		{C4329AEE-ED97-4BCE-BB02-362189C40DCC}.Release|x86.ActiveCfg = Release|Win32
		{C4329AEE-ED97-4BCE-BB02-362189C40DCC}.Release|x86.Build.0 = Release|Win32
		{5BF0F73F-E0D1-4D52-89AF-8450456888E4}.Debug|x64.ActiveCfg = Debug|x64
		{5BF0F73F-E0D1-4D52-89AF-8450456888E4}.Debug|x64.Build.0 = Debug|x64
		{5BF0F73F-E0D1-4D52-89AF-8450456888E4}.Debug|x86.ActiveCfg = Debug|Win32
		{5BF0F73F-E0D1-4D52-89AF-8450456888E4}.Debug|x86.Build.0 = Debug|Win32
		{5BF0F73F-E0D1-4D52-89AF-8450456888E4}.Release|x64.ActiveCfg = Release|x64
		{5BF0F73F-E0D1-4D52-89AF-8450456888E4}.Release|x64.Build.0 = Release|x64
		{5BF0F73F-E0D1-4D52-89AF-8450456888E4}.Release|x86.ActiveCfg = Release|Win32
		{5BF0F73F-E0D1-4D52-89AF-8450456888E4}.Release|x86.Build.0 = Release|Win32
		{108A8341-8E11-4EC9-9376-E4837A6AC13B}.Debug|x64.ActiveCfg = Debug|x64
		{108A8341-8E11-4EC9-9376-E4837A6AC13B}.Debug|x64.Build.0 = Debug|x64
		{108A8341-8E11-4EC9-9376-E4837A6AC13B}.Debug|x86.ActiveCfg = Debug|Win32
		{108A8341-8E11-4EC9-9376-E4837A6AC13B}.Debug|x86.Build.0 = Debug|Win32
		{108A8341-8E11-4EC9-9376-E4837A6AC13B}.Release|x64.ActiveCfg = Release|x64
		{108A8341-8E11-4EC9-9376-E4837A6AC13B}.Release|x64.Build.0 = Release|x64
		{108A8341-8E11-4EC9-9376-E4837A6AC13B}.Release|x86.ActiveCfg = Release|Win32
		{108A8341-8E11-4EC9-9376-E4837A6AC13B}.Release|x86.Build.0 = Release|Win32
		{5E731AE2-805F-44BB-9DAC-2EBEC0507920}.Debug|x64.ActiveCfg = Debug|x64
		{5E731AE2-805F-44BB-9DAC-2EBEC0507920}.Debug|x64.Build.0 = Debug|x64
		{5E731AE2-805F-44BB-9DAC-2EBEC0507920}.Debug|x86.ActiveCfg = Debug|Win32
		{5E731AE2-805F-44BB-9DAC-2EBEC0507920}.Debug|x86.Build.0 = Debug|Win32
		{5E731AE2-805F-44BB-9DAC-2EBEC0507920}.Release|x64.ActiveCfg = Release|x64
		{5E731AE2-805F-44BB-9DAC-2EBEC0507920}.Release|x64.Build.0 = Release|x64
		{5E731AE2-805F-44BB-9DAC-2EBEC0507920}.Release|x86.ActiveCfg = Release|Win32
		{5E731AE2-805F-44BB-9DAC-2EBEC0507920}.Release|x86.Build.0 = Release|Win32
		{6FFF2BF6-C977-454B-9F56-7F8B99373E74}.Debug|x64.ActiveCfg = Debug|x64
		{6FFF2BF6-C977-454B-9F56-7F8B99373E74}.Debug|x64.Build.0 = Debug|x64
		{6FFF2BF6-C977-454B-9F56-7F8B99373E74}.Debug|x86.ActiveCfg = Debug|Win32
		{6FFF2BF6-C977-454B-9F56-7F8B99373E74}.Debug|x86.Build.0 = Debug|Win32
		{6FFF2BF6-C977-454B-9F56-7F8B99373E74}.Release|x64.ActiveCfg = Release|x64
		{6FFF2BF6-C977-454B-9F56-7F8B99373E74}.Release|x64.Build.0 = Release|x64
		{6FFF2BF6-C977-454B-9F56-7F8B99373E74}.Release|x86.ActiveCfg = Release|Win32
		{6FFF2BF6-C977-454B-9F56-7F8B99373E74}.Release|x86.Build.0 = Release|Win32
	EndGlobalSection
	GlobalSection(SolutionProperties) = preSolution
		HideSolutionNode = FALSE
	EndGlobalSection
	GlobalSection(ExtensibilityGlobals) = postSolution
		SolutionGuid = {C5CC18EE-66F0-46B8-AA6B-E8DBB1C0586E}
	EndGlobalSection
EndGlobal
