
Microsoft Visual Studio Solution File, Format Version 12.00
# Visual Studio Version 16
VisualStudioVersion = 16.0.28922.388
MinimumVisualStudioVersion = 10.0.40219.1
Project("{8BC9CEB8-8B4A-11D0-8D11-00A0C91BC942}") = "Task1", "Task1\Task1.vcxproj", "{FE9DA058-999B-48C6-9FC1-028F3C674527}"
EndProject
Project("{8BC9CEB8-8B4A-11D0-8D11-00A0C91BC942}") = "Task2", "Task2\Task2.vcxproj", "{2184D348-229A-4E8E-98FF-E4D09F375D2B}"
EndProject
Project("{8BC9CEB8-8B4A-11D0-8D11-00A0C91BC942}") = "Task3", "Task3\Task3.vcxproj", "{CA6027AA-F7D9-49A8-A943-54FDA2CBA3F6}"
EndProject
Project("{8BC9CEB8-8B4A-11D0-8D11-00A0C91BC942}") = "Task4", "Task4\Task4.vcxproj", "{7BBF1963-3BD4-413C-A4D7-2FF0B5B321D7}"
EndProject
Project("{8BC9CEB8-8B4A-11D0-8D11-00A0C91BC942}") = "Task5", "Task5\Task5.vcxproj", "{ABE8393A-5FCB-4E29-BCF7-1F82A608302B}"
EndProject
Project("{8BC9CEB8-8B4A-11D0-8D11-00A0C91BC942}") = "Task6", "Task6\Task6.vcxproj", "{742DE695-AC3E-4085-BECB-EF25EE71B6CE}"
EndProject
Project("{8BC9CEB8-8B4A-11D0-8D11-00A0C91BC942}") = "Task7", "Task7\Task7.vcxproj", "{BF62ED21-13C9-4DF2-82B3-A44D3D38CCC9}"
EndProject
Project("{8BC9CEB8-8B4A-11D0-8D11-00A0C91BC942}") = "Task8", "Task8\Task8.vcxproj", "{C828B8FB-7E49-4225-9FEA-E0F7FB32EC4D}"
EndProject
Project("{8BC9CEB8-8B4A-11D0-8D11-00A0C91BC942}") = "Task9", "Task9\Task9.vcxproj", "{E4F8A2CF-46F9-4F05-9A36-4BC731340247}"
EndProject
Project("{8BC9CEB8-8B4A-11D0-8D11-00A0C91BC942}") = "Task10", "Task10\Task10.vcxproj", "{7A60878F-5CF8-4CBD-886B-A379B3BA9285}"
EndProject
Project("{8BC9CEB8-8B4A-11D0-8D11-00A0C91BC942}") = "Task11", "Task11\Task11.vcxproj", "{E769CA6C-CE97-4193-A0EC-32A994E53D67}"
EndProject
Project("{8BC9CEB8-8B4A-11D0-8D11-00A0C91BC942}") = "Task12", "Task12\Task12.vcxproj", "{BD6E4349-A4A0-4425-9D17-A097D03A6E29}"
EndProject
Project("{8BC9CEB8-8B4A-11D0-8D11-00A0C91BC942}") = "Task13", "Task13\Task13.vcxproj", "{6BA1A005-0F0B-43DD-938A-09EF77AACF7A}"
EndProject
Project("{8BC9CEB8-8B4A-11D0-8D11-00A0C91BC942}") = "Task14", "Task14\Task14.vcxproj", "{EECB915E-EAD7-4A2B-972F-BB09354BA38B}"
EndProject
Project("{8BC9CEB8-8B4A-11D0-8D11-00A0C91BC942}") = "Task15", "Task15\Task15.vcxproj", "{5221EEC7-4137-4CA6-9C3C-2B5204F35E83}"
EndProject
Project("{8BC9CEB8-8B4A-11D0-8D11-00A0C91BC942}") = "Task16", "Task16\Task16.vcxproj", "{656D3478-4FDE-44C8-8A3C-71B80E2E12F3}"
EndProject
Project("{8BC9CEB8-8B4A-11D0-8D11-00A0C91BC942}") = "Task17", "Task17\Task17.vcxproj", "{50C673BC-8099-4EF6-8C8C-726372F83E54}"
EndProject
Global
	GlobalSection(SolutionConfigurationPlatforms) = preSolution
		Debug|x64 = Debug|x64
		Debug|x86 = Debug|x86
		Release|x64 = Release|x64
		Release|x86 = Release|x86
	EndGlobalSection
	GlobalSection(ProjectConfigurationPlatforms) = postSolution
		{FE9DA058-999B-48C6-9FC1-028F3C674527}.Debug|x64.ActiveCfg = Debug|x64
		{FE9DA058-999B-48C6-9FC1-028F3C674527}.Debug|x64.Build.0 = Debug|x64
		{FE9DA058-999B-48C6-9FC1-028F3C674527}.Debug|x86.ActiveCfg = Debug|Win32
		{FE9DA058-999B-48C6-9FC1-028F3C674527}.Debug|x86.Build.0 = Debug|Win32
		{FE9DA058-999B-48C6-9FC1-028F3C674527}.Release|x64.ActiveCfg = Release|x64
		{FE9DA058-999B-48C6-9FC1-028F3C674527}.Release|x64.Build.0 = Release|x64
		{FE9DA058-999B-48C6-9FC1-028F3C674527}.Release|x86.ActiveCfg = Release|Win32
		{FE9DA058-999B-48C6-9FC1-028F3C674527}.Release|x86.Build.0 = Release|Win32
		{2184D348-229A-4E8E-98FF-E4D09F375D2B}.Debug|x64.ActiveCfg = Debug|x64
		{2184D348-229A-4E8E-98FF-E4D09F375D2B}.Debug|x64.Build.0 = Debug|x64
		{2184D348-229A-4E8E-98FF-E4D09F375D2B}.Debug|x86.ActiveCfg = Debug|Win32
		{2184D348-229A-4E8E-98FF-E4D09F375D2B}.Debug|x86.Build.0 = Debug|Win32
		{2184D348-229A-4E8E-98FF-E4D09F375D2B}.Release|x64.ActiveCfg = Release|x64
		{2184D348-229A-4E8E-98FF-E4D09F375D2B}.Release|x64.Build.0 = Release|x64
		{2184D348-229A-4E8E-98FF-E4D09F375D2B}.Release|x86.ActiveCfg = Release|Win32
		{2184D348-229A-4E8E-98FF-E4D09F375D2B}.Release|x86.Build.0 = Release|Win32
		{CA6027AA-F7D9-49A8-A943-54FDA2CBA3F6}.Debug|x64.ActiveCfg = Debug|x64
		{CA6027AA-F7D9-49A8-A943-54FDA2CBA3F6}.Debug|x64.Build.0 = Debug|x64
		{CA6027AA-F7D9-49A8-A943-54FDA2CBA3F6}.Debug|x86.ActiveCfg = Debug|Win32
		{CA6027AA-F7D9-49A8-A943-54FDA2CBA3F6}.Debug|x86.Build.0 = Debug|Win32
		{CA6027AA-F7D9-49A8-A943-54FDA2CBA3F6}.Release|x64.ActiveCfg = Release|x64
		{CA6027AA-F7D9-49A8-A943-54FDA2CBA3F6}.Release|x64.Build.0 = Release|x64
		{CA6027AA-F7D9-49A8-A943-54FDA2CBA3F6}.Release|x86.ActiveCfg = Release|Win32
		{CA6027AA-F7D9-49A8-A943-54FDA2CBA3F6}.Release|x86.Build.0 = Release|Win32
		{7BBF1963-3BD4-413C-A4D7-2FF0B5B321D7}.Debug|x64.ActiveCfg = Debug|x64
		{7BBF1963-3BD4-413C-A4D7-2FF0B5B321D7}.Debug|x64.Build.0 = Debug|x64
		{7BBF1963-3BD4-413C-A4D7-2FF0B5B321D7}.Debug|x86.ActiveCfg = Debug|Win32
		{7BBF1963-3BD4-413C-A4D7-2FF0B5B321D7}.Debug|x86.Build.0 = Debug|Win32
		{7BBF1963-3BD4-413C-A4D7-2FF0B5B321D7}.Release|x64.ActiveCfg = Release|x64
		{7BBF1963-3BD4-413C-A4D7-2FF0B5B321D7}.Release|x64.Build.0 = Release|x64
		{7BBF1963-3BD4-413C-A4D7-2FF0B5B321D7}.Release|x86.ActiveCfg = Release|Win32
		{7BBF1963-3BD4-413C-A4D7-2FF0B5B321D7}.Release|x86.Build.0 = Release|Win32
		{ABE8393A-5FCB-4E29-BCF7-1F82A608302B}.Debug|x64.ActiveCfg = Debug|x64
		{ABE8393A-5FCB-4E29-BCF7-1F82A608302B}.Debug|x64.Build.0 = Debug|x64
		{ABE8393A-5FCB-4E29-BCF7-1F82A608302B}.Debug|x86.ActiveCfg = Debug|Win32
		{ABE8393A-5FCB-4E29-BCF7-1F82A608302B}.Debug|x86.Build.0 = Debug|Win32
		{ABE8393A-5FCB-4E29-BCF7-1F82A608302B}.Release|x64.ActiveCfg = Release|x64
		{ABE8393A-5FCB-4E29-BCF7-1F82A608302B}.Release|x64.Build.0 = Release|x64
		{ABE8393A-5FCB-4E29-BCF7-1F82A608302B}.Release|x86.ActiveCfg = Release|Win32
		{ABE8393A-5FCB-4E29-BCF7-1F82A608302B}.Release|x86.Build.0 = Release|Win32
		{742DE695-AC3E-4085-BECB-EF25EE71B6CE}.Debug|x64.ActiveCfg = Debug|x64
		{742DE695-AC3E-4085-BECB-EF25EE71B6CE}.Debug|x64.Build.0 = Debug|x64
		{742DE695-AC3E-4085-BECB-EF25EE71B6CE}.Debug|x86.ActiveCfg = Debug|Win32
		{742DE695-AC3E-4085-BECB-EF25EE71B6CE}.Debug|x86.Build.0 = Debug|Win32
		{742DE695-AC3E-4085-BECB-EF25EE71B6CE}.Release|x64.ActiveCfg = Release|x64
		{742DE695-AC3E-4085-BECB-EF25EE71B6CE}.Release|x64.Build.0 = Release|x64
		{742DE695-AC3E-4085-BECB-EF25EE71B6CE}.Release|x86.ActiveCfg = Release|Win32
		{742DE695-AC3E-4085-BECB-EF25EE71B6CE}.Release|x86.Build.0 = Release|Win32
		{BF62ED21-13C9-4DF2-82B3-A44D3D38CCC9}.Debug|x64.ActiveCfg = Debug|x64
		{BF62ED21-13C9-4DF2-82B3-A44D3D38CCC9}.Debug|x64.Build.0 = Debug|x64
		{BF62ED21-13C9-4DF2-82B3-A44D3D38CCC9}.Debug|x86.ActiveCfg = Debug|Win32
		{BF62ED21-13C9-4DF2-82B3-A44D3D38CCC9}.Debug|x86.Build.0 = Debug|Win32
		{BF62ED21-13C9-4DF2-82B3-A44D3D38CCC9}.Release|x64.ActiveCfg = Release|x64
		{BF62ED21-13C9-4DF2-82B3-A44D3D38CCC9}.Release|x64.Build.0 = Release|x64
		{BF62ED21-13C9-4DF2-82B3-A44D3D38CCC9}.Release|x86.ActiveCfg = Release|Win32
		{BF62ED21-13C9-4DF2-82B3-A44D3D38CCC9}.Release|x86.Build.0 = Release|Win32
		{C828B8FB-7E49-4225-9FEA-E0F7FB32EC4D}.Debug|x64.ActiveCfg = Debug|x64
		{C828B8FB-7E49-4225-9FEA-E0F7FB32EC4D}.Debug|x64.Build.0 = Debug|x64
		{C828B8FB-7E49-4225-9FEA-E0F7FB32EC4D}.Debug|x86.ActiveCfg = Debug|Win32
		{C828B8FB-7E49-4225-9FEA-E0F7FB32EC4D}.Debug|x86.Build.0 = Debug|Win32
		{C828B8FB-7E49-4225-9FEA-E0F7FB32EC4D}.Release|x64.ActiveCfg = Release|x64
		{C828B8FB-7E49-4225-9FEA-E0F7FB32EC4D}.Release|x64.Build.0 = Release|x64
		{C828B8FB-7E49-4225-9FEA-E0F7FB32EC4D}.Release|x86.ActiveCfg = Release|Win32
		{C828B8FB-7E49-4225-9FEA-E0F7FB32EC4D}.Release|x86.Build.0 = Release|Win32
		{E4F8A2CF-46F9-4F05-9A36-4BC731340247}.Debug|x64.ActiveCfg = Debug|x64
		{E4F8A2CF-46F9-4F05-9A36-4BC731340247}.Debug|x64.Build.0 = Debug|x64
		{E4F8A2CF-46F9-4F05-9A36-4BC731340247}.Debug|x86.ActiveCfg = Debug|Win32
		{E4F8A2CF-46F9-4F05-9A36-4BC731340247}.Debug|x86.Build.0 = Debug|Win32
		{E4F8A2CF-46F9-4F05-9A36-4BC731340247}.Release|x64.ActiveCfg = Release|x64
		{E4F8A2CF-46F9-4F05-9A36-4BC731340247}.Release|x64.Build.0 = Release|x64
		{E4F8A2CF-46F9-4F05-9A36-4BC731340247}.Release|x86.ActiveCfg = Release|Win32
		{E4F8A2CF-46F9-4F05-9A36-4BC731340247}.Release|x86.Build.0 = Release|Win32
		{7A60878F-5CF8-4CBD-886B-A379B3BA9285}.Debug|x64.ActiveCfg = Debug|x64
		{7A60878F-5CF8-4CBD-886B-A379B3BA9285}.Debug|x64.Build.0 = Debug|x64
		{7A60878F-5CF8-4CBD-886B-A379B3BA9285}.Debug|x86.ActiveCfg = Debug|Win32
		{7A60878F-5CF8-4CBD-886B-A379B3BA9285}.Debug|x86.Build.0 = Debug|Win32
		{7A60878F-5CF8-4CBD-886B-A379B3BA9285}.Release|x64.ActiveCfg = Release|x64
		{7A60878F-5CF8-4CBD-886B-A379B3BA9285}.Release|x64.Build.0 = Release|x64
		{7A60878F-5CF8-4CBD-886B-A379B3BA9285}.Release|x86.ActiveCfg = Release|Win32
		{7A60878F-5CF8-4CBD-886B-A379B3BA9285}.Release|x86.Build.0 = Release|Win32
		{E769CA6C-CE97-4193-A0EC-32A994E53D67}.Debug|x64.ActiveCfg = Debug|x64
		{E769CA6C-CE97-4193-A0EC-32A994E53D67}.Debug|x64.Build.0 = Debug|x64
		{E769CA6C-CE97-4193-A0EC-32A994E53D67}.Debug|x86.ActiveCfg = Debug|Win32
		{E769CA6C-CE97-4193-A0EC-32A994E53D67}.Debug|x86.Build.0 = Debug|Win32
		{E769CA6C-CE97-4193-A0EC-32A994E53D67}.Release|x64.ActiveCfg = Release|x64
		{E769CA6C-CE97-4193-A0EC-32A994E53D67}.Release|x64.Build.0 = Release|x64
		{E769CA6C-CE97-4193-A0EC-32A994E53D67}.Release|x86.ActiveCfg = Release|Win32
		{E769CA6C-CE97-4193-A0EC-32A994E53D67}.Release|x86.Build.0 = Release|Win32
		{BD6E4349-A4A0-4425-9D17-A097D03A6E29}.Debug|x64.ActiveCfg = Debug|x64
		{BD6E4349-A4A0-4425-9D17-A097D03A6E29}.Debug|x64.Build.0 = Debug|x64
		{BD6E4349-A4A0-4425-9D17-A097D03A6E29}.Debug|x86.ActiveCfg = Debug|Win32
		{BD6E4349-A4A0-4425-9D17-A097D03A6E29}.Debug|x86.Build.0 = Debug|Win32
		{BD6E4349-A4A0-4425-9D17-A097D03A6E29}.Release|x64.ActiveCfg = Release|x64
		{BD6E4349-A4A0-4425-9D17-A097D03A6E29}.Release|x64.Build.0 = Release|x64
		{BD6E4349-A4A0-4425-9D17-A097D03A6E29}.Release|x86.ActiveCfg = Release|Win32
		{BD6E4349-A4A0-4425-9D17-A097D03A6E29}.Release|x86.Build.0 = Release|Win32
		{6BA1A005-0F0B-43DD-938A-09EF77AACF7A}.Debug|x64.ActiveCfg = Debug|x64
		{6BA1A005-0F0B-43DD-938A-09EF77AACF7A}.Debug|x64.Build.0 = Debug|x64
		{6BA1A005-0F0B-43DD-938A-09EF77AACF7A}.Debug|x86.ActiveCfg = Debug|Win32
		{6BA1A005-0F0B-43DD-938A-09EF77AACF7A}.Debug|x86.Build.0 = Debug|Win32
		{6BA1A005-0F0B-43DD-938A-09EF77AACF7A}.Release|x64.ActiveCfg = Release|x64
		{6BA1A005-0F0B-43DD-938A-09EF77AACF7A}.Release|x64.Build.0 = Release|x64
		{6BA1A005-0F0B-43DD-938A-09EF77AACF7A}.Release|x86.ActiveCfg = Release|Win32
		{6BA1A005-0F0B-43DD-938A-09EF77AACF7A}.Release|x86.Build.0 = Release|Win32
		{EECB915E-EAD7-4A2B-972F-BB09354BA38B}.Debug|x64.ActiveCfg = Debug|x64
		{EECB915E-EAD7-4A2B-972F-BB09354BA38B}.Debug|x64.Build.0 = Debug|x64
		{EECB915E-EAD7-4A2B-972F-BB09354BA38B}.Debug|x86.ActiveCfg = Debug|Win32
		{EECB915E-EAD7-4A2B-972F-BB09354BA38B}.Debug|x86.Build.0 = Debug|Win32
		{EECB915E-EAD7-4A2B-972F-BB09354BA38B}.Release|x64.ActiveCfg = Release|x64
		{EECB915E-EAD7-4A2B-972F-BB09354BA38B}.Release|x64.Build.0 = Release|x64
		{EECB915E-EAD7-4A2B-972F-BB09354BA38B}.Release|x86.ActiveCfg = Release|Win32
		{EECB915E-EAD7-4A2B-972F-BB09354BA38B}.Release|x86.Build.0 = Release|Win32
		{5221EEC7-4137-4CA6-9C3C-2B5204F35E83}.Debug|x64.ActiveCfg = Debug|x64
		{5221EEC7-4137-4CA6-9C3C-2B5204F35E83}.Debug|x64.Build.0 = Debug|x64
		{5221EEC7-4137-4CA6-9C3C-2B5204F35E83}.Debug|x86.ActiveCfg = Debug|Win32
		{5221EEC7-4137-4CA6-9C3C-2B5204F35E83}.Debug|x86.Build.0 = Debug|Win32
		{5221EEC7-4137-4CA6-9C3C-2B5204F35E83}.Release|x64.ActiveCfg = Release|x64
		{5221EEC7-4137-4CA6-9C3C-2B5204F35E83}.Release|x64.Build.0 = Release|x64
		{5221EEC7-4137-4CA6-9C3C-2B5204F35E83}.Release|x86.ActiveCfg = Release|Win32
		{5221EEC7-4137-4CA6-9C3C-2B5204F35E83}.Release|x86.Build.0 = Release|Win32
		{656D3478-4FDE-44C8-8A3C-71B80E2E12F3}.Debug|x64.ActiveCfg = Debug|x64
		{656D3478-4FDE-44C8-8A3C-71B80E2E12F3}.Debug|x64.Build.0 = Debug|x64
		{656D3478-4FDE-44C8-8A3C-71B80E2E12F3}.Debug|x86.ActiveCfg = Debug|Win32
		{656D3478-4FDE-44C8-8A3C-71B80E2E12F3}.Debug|x86.Build.0 = Debug|Win32
		{656D3478-4FDE-44C8-8A3C-71B80E2E12F3}.Release|x64.ActiveCfg = Release|x64
		{656D3478-4FDE-44C8-8A3C-71B80E2E12F3}.Release|x64.Build.0 = Release|x64
		{656D3478-4FDE-44C8-8A3C-71B80E2E12F3}.Release|x86.ActiveCfg = Release|Win32
		{656D3478-4FDE-44C8-8A3C-71B80E2E12F3}.Release|x86.Build.0 = Release|Win32
		{50C673BC-8099-4EF6-8C8C-726372F83E54}.Debug|x64.ActiveCfg = Debug|x64
		{50C673BC-8099-4EF6-8C8C-726372F83E54}.Debug|x64.Build.0 = Debug|x64
		{50C673BC-8099-4EF6-8C8C-726372F83E54}.Debug|x86.ActiveCfg = Debug|Win32
		{50C673BC-8099-4EF6-8C8C-726372F83E54}.Debug|x86.Build.0 = Debug|Win32
		{50C673BC-8099-4EF6-8C8C-726372F83E54}.Release|x64.ActiveCfg = Release|x64
		{50C673BC-8099-4EF6-8C8C-726372F83E54}.Release|x64.Build.0 = Release|x64
		{50C673BC-8099-4EF6-8C8C-726372F83E54}.Release|x86.ActiveCfg = Release|Win32
		{50C673BC-8099-4EF6-8C8C-726372F83E54}.Release|x86.Build.0 = Release|Win32
	EndGlobalSection
	GlobalSection(SolutionProperties) = preSolution
		HideSolutionNode = FALSE
	EndGlobalSection
	GlobalSection(ExtensibilityGlobals) = postSolution
		SolutionGuid = {19E162DE-9A09-4C2F-99DC-6DDA881F24AE}
	EndGlobalSection
EndGlobal
