
Microsoft Visual Studio Solution File, Format Version 12.00
# Visual Studio Version 16
VisualStudioVersion = 16.0.28922.388
MinimumVisualStudioVersion = 10.0.40219.1
Project("{8BC9CEB8-8B4A-11D0-8D11-00A0C91BC942}") = "Task1", "Task1\Task1.vcxproj", "{98EF4D00-5C86-47A6-83A1-649024E05BD1}"
EndProject
Project("{8BC9CEB8-8B4A-11D0-8D11-00A0C91BC942}") = "Task2", "Task2\Task2.vcxproj", "{533F2F33-365E-4CD8-A94C-4CCC1FA69C7D}"
EndProject
Project("{8BC9CEB8-8B4A-11D0-8D11-00A0C91BC942}") = "Task3", "Task3\Task3.vcxproj", "{677C006F-2F52-4612-B82C-4155D00FE2F4}"
EndProject
Project("{8BC9CEB8-8B4A-11D0-8D11-00A0C91BC942}") = "Task4", "Task4\Task4.vcxproj", "{54FF6942-FD02-411A-9437-224FCF7EE5D8}"
EndProject
Project("{8BC9CEB8-8B4A-11D0-8D11-00A0C91BC942}") = "Task5", "Task5\Task5.vcxproj", "{C37C03B0-B609-4C23-9BF2-E2671BE832C0}"
EndProject
Project("{8BC9CEB8-8B4A-11D0-8D11-00A0C91BC942}") = "Task6", "Task6\Task6.vcxproj", "{4F8D08C3-489B-4C89-B50A-7C0BF480E079}"
EndProject
Project("{8BC9CEB8-8B4A-11D0-8D11-00A0C91BC942}") = "Task7", "Task7\Task7.vcxproj", "{D017A653-5643-4AA5-A5DA-689568B8F4F2}"
EndProject
Project("{8BC9CEB8-8B4A-11D0-8D11-00A0C91BC942}") = "Task8", "Task8\Task8.vcxproj", "{6C6628CB-AE95-49C9-BFE5-B0854A46C1DE}"
EndProject
Project("{8BC9CEB8-8B4A-11D0-8D11-00A0C91BC942}") = "Task9", "Task9\Task9.vcxproj", "{3375B9F7-79B3-4BFE-953C-E4FE5A04E519}"
EndProject
Project("{8BC9CEB8-8B4A-11D0-8D11-00A0C91BC942}") = "Task10", "Task10\Task10.vcxproj", "{57EC4EDA-ADAA-4FE3-B6F3-7929E47A9B26}"
EndProject
Project("{8BC9CEB8-8B4A-11D0-8D11-00A0C91BC942}") = "Task11", "Task11\Task11.vcxproj", "{A5CD159D-0F47-40E4-96AE-C079185234B5}"
EndProject
Project("{8BC9CEB8-8B4A-11D0-8D11-00A0C91BC942}") = "Task12", "Task12\Task12.vcxproj", "{48E7AB2D-5823-402A-81B2-240DA33A285E}"
EndProject
Project("{8BC9CEB8-8B4A-11D0-8D11-00A0C91BC942}") = "Task13", "Task13\Task13.vcxproj", "{54234D10-EA56-44D2-B57E-87865F421980}"
EndProject
Project("{8BC9CEB8-8B4A-11D0-8D11-00A0C91BC942}") = "Task14", "Task14\Task14.vcxproj", "{DDE6224D-89B7-434A-9773-CA7877953E73}"
EndProject
Project("{8BC9CEB8-8B4A-11D0-8D11-00A0C91BC942}") = "Task15", "Task15\Task15.vcxproj", "{6ECB6A98-623F-4990-94C8-57CC5E080BC6}"
EndProject
Project("{8BC9CEB8-8B4A-11D0-8D11-00A0C91BC942}") = "Task16", "Task16\Task16.vcxproj", "{E12D5F37-9981-44D3-A7FC-70B94BFC9EF5}"
EndProject
Project("{8BC9CEB8-8B4A-11D0-8D11-00A0C91BC942}") = "Task17", "Task17\Task17.vcxproj", "{0B611A4B-9C7E-4D3E-B256-47503C2852A0}"
EndProject
Global
	GlobalSection(SolutionConfigurationPlatforms) = preSolution
		Debug|x64 = Debug|x64
		Debug|x86 = Debug|x86
		Release|x64 = Release|x64
		Release|x86 = Release|x86
	EndGlobalSection
	GlobalSection(ProjectConfigurationPlatforms) = postSolution
		{98EF4D00-5C86-47A6-83A1-649024E05BD1}.Debug|x64.ActiveCfg = Debug|x64
		{98EF4D00-5C86-47A6-83A1-649024E05BD1}.Debug|x64.Build.0 = Debug|x64
		{98EF4D00-5C86-47A6-83A1-649024E05BD1}.Debug|x86.ActiveCfg = Debug|Win32
		{98EF4D00-5C86-47A6-83A1-649024E05BD1}.Debug|x86.Build.0 = Debug|Win32
		{98EF4D00-5C86-47A6-83A1-649024E05BD1}.Release|x64.ActiveCfg = Release|x64
		{98EF4D00-5C86-47A6-83A1-649024E05BD1}.Release|x64.Build.0 = Release|x64
		{98EF4D00-5C86-47A6-83A1-649024E05BD1}.Release|x86.ActiveCfg = Release|Win32
		{98EF4D00-5C86-47A6-83A1-649024E05BD1}.Release|x86.Build.0 = Release|Win32
		{533F2F33-365E-4CD8-A94C-4CCC1FA69C7D}.Debug|x64.ActiveCfg = Debug|x64
		{533F2F33-365E-4CD8-A94C-4CCC1FA69C7D}.Debug|x64.Build.0 = Debug|x64
		{533F2F33-365E-4CD8-A94C-4CCC1FA69C7D}.Debug|x86.ActiveCfg = Debug|Win32
		{533F2F33-365E-4CD8-A94C-4CCC1FA69C7D}.Debug|x86.Build.0 = Debug|Win32
		{533F2F33-365E-4CD8-A94C-4CCC1FA69C7D}.Release|x64.ActiveCfg = Release|x64
		{533F2F33-365E-4CD8-A94C-4CCC1FA69C7D}.Release|x64.Build.0 = Release|x64
		{533F2F33-365E-4CD8-A94C-4CCC1FA69C7D}.Release|x86.ActiveCfg = Release|Win32
		{533F2F33-365E-4CD8-A94C-4CCC1FA69C7D}.Release|x86.Build.0 = Release|Win32
		{677C006F-2F52-4612-B82C-4155D00FE2F4}.Debug|x64.ActiveCfg = Debug|x64
		{677C006F-2F52-4612-B82C-4155D00FE2F4}.Debug|x64.Build.0 = Debug|x64
		{677C006F-2F52-4612-B82C-4155D00FE2F4}.Debug|x86.ActiveCfg = Debug|Win32
		{677C006F-2F52-4612-B82C-4155D00FE2F4}.Debug|x86.Build.0 = Debug|Win32
		{677C006F-2F52-4612-B82C-4155D00FE2F4}.Release|x64.ActiveCfg = Release|x64
		{677C006F-2F52-4612-B82C-4155D00FE2F4}.Release|x64.Build.0 = Release|x64
		{677C006F-2F52-4612-B82C-4155D00FE2F4}.Release|x86.ActiveCfg = Release|Win32
		{677C006F-2F52-4612-B82C-4155D00FE2F4}.Release|x86.Build.0 = Release|Win32
		{54FF6942-FD02-411A-9437-224FCF7EE5D8}.Debug|x64.ActiveCfg = Debug|x64
		{54FF6942-FD02-411A-9437-224FCF7EE5D8}.Debug|x64.Build.0 = Debug|x64
		{54FF6942-FD02-411A-9437-224FCF7EE5D8}.Debug|x86.ActiveCfg = Debug|Win32
		{54FF6942-FD02-411A-9437-224FCF7EE5D8}.Debug|x86.Build.0 = Debug|Win32
		{54FF6942-FD02-411A-9437-224FCF7EE5D8}.Release|x64.ActiveCfg = Release|x64
		{54FF6942-FD02-411A-9437-224FCF7EE5D8}.Release|x64.Build.0 = Release|x64
		{54FF6942-FD02-411A-9437-224FCF7EE5D8}.Release|x86.ActiveCfg = Release|Win32
		{54FF6942-FD02-411A-9437-224FCF7EE5D8}.Release|x86.Build.0 = Release|Win32
		{C37C03B0-B609-4C23-9BF2-E2671BE832C0}.Debug|x64.ActiveCfg = Debug|x64
		{C37C03B0-B609-4C23-9BF2-E2671BE832C0}.Debug|x64.Build.0 = Debug|x64
		{C37C03B0-B609-4C23-9BF2-E2671BE832C0}.Debug|x86.ActiveCfg = Debug|Win32
		{C37C03B0-B609-4C23-9BF2-E2671BE832C0}.Debug|x86.Build.0 = Debug|Win32
		{C37C03B0-B609-4C23-9BF2-E2671BE832C0}.Release|x64.ActiveCfg = Release|x64
		{C37C03B0-B609-4C23-9BF2-E2671BE832C0}.Release|x64.Build.0 = Release|x64
		{C37C03B0-B609-4C23-9BF2-E2671BE832C0}.Release|x86.ActiveCfg = Release|Win32
		{C37C03B0-B609-4C23-9BF2-E2671BE832C0}.Release|x86.Build.0 = Release|Win32
		{4F8D08C3-489B-4C89-B50A-7C0BF480E079}.Debug|x64.ActiveCfg = Debug|x64
		{4F8D08C3-489B-4C89-B50A-7C0BF480E079}.Debug|x64.Build.0 = Debug|x64
		{4F8D08C3-489B-4C89-B50A-7C0BF480E079}.Debug|x86.ActiveCfg = Debug|Win32
		{4F8D08C3-489B-4C89-B50A-7C0BF480E079}.Debug|x86.Build.0 = Debug|Win32
		{4F8D08C3-489B-4C89-B50A-7C0BF480E079}.Release|x64.ActiveCfg = Release|x64
		{4F8D08C3-489B-4C89-B50A-7C0BF480E079}.Release|x64.Build.0 = Release|x64
		{4F8D08C3-489B-4C89-B50A-7C0BF480E079}.Release|x86.ActiveCfg = Release|Win32
		{4F8D08C3-489B-4C89-B50A-7C0BF480E079}.Release|x86.Build.0 = Release|Win32
		{D017A653-5643-4AA5-A5DA-689568B8F4F2}.Debug|x64.ActiveCfg = Debug|x64
		{D017A653-5643-4AA5-A5DA-689568B8F4F2}.Debug|x64.Build.0 = Debug|x64
		{D017A653-5643-4AA5-A5DA-689568B8F4F2}.Debug|x86.ActiveCfg = Debug|Win32
		{D017A653-5643-4AA5-A5DA-689568B8F4F2}.Debug|x86.Build.0 = Debug|Win32
		{D017A653-5643-4AA5-A5DA-689568B8F4F2}.Release|x64.ActiveCfg = Release|x64
		{D017A653-5643-4AA5-A5DA-689568B8F4F2}.Release|x64.Build.0 = Release|x64
		{D017A653-5643-4AA5-A5DA-689568B8F4F2}.Release|x86.ActiveCfg = Release|Win32
		{D017A653-5643-4AA5-A5DA-689568B8F4F2}.Release|x86.Build.0 = Release|Win32
		{6C6628CB-AE95-49C9-BFE5-B0854A46C1DE}.Debug|x64.ActiveCfg = Debug|x64
		{6C6628CB-AE95-49C9-BFE5-B0854A46C1DE}.Debug|x64.Build.0 = Debug|x64
		{6C6628CB-AE95-49C9-BFE5-B0854A46C1DE}.Debug|x86.ActiveCfg = Debug|Win32
		{6C6628CB-AE95-49C9-BFE5-B0854A46C1DE}.Debug|x86.Build.0 = Debug|Win32
		{6C6628CB-AE95-49C9-BFE5-B0854A46C1DE}.Release|x64.ActiveCfg = Release|x64
		{6C6628CB-AE95-49C9-BFE5-B0854A46C1DE}.Release|x64.Build.0 = Release|x64
		{6C6628CB-AE95-49C9-BFE5-B0854A46C1DE}.Release|x86.ActiveCfg = Release|Win32
		{6C6628CB-AE95-49C9-BFE5-B0854A46C1DE}.Release|x86.Build.0 = Release|Win32
		{3375B9F7-79B3-4BFE-953C-E4FE5A04E519}.Debug|x64.ActiveCfg = Debug|x64
		{3375B9F7-79B3-4BFE-953C-E4FE5A04E519}.Debug|x64.Build.0 = Debug|x64
		{3375B9F7-79B3-4BFE-953C-E4FE5A04E519}.Debug|x86.ActiveCfg = Debug|Win32
		{3375B9F7-79B3-4BFE-953C-E4FE5A04E519}.Debug|x86.Build.0 = Debug|Win32
		{3375B9F7-79B3-4BFE-953C-E4FE5A04E519}.Release|x64.ActiveCfg = Release|x64
		{3375B9F7-79B3-4BFE-953C-E4FE5A04E519}.Release|x64.Build.0 = Release|x64
		{3375B9F7-79B3-4BFE-953C-E4FE5A04E519}.Release|x86.ActiveCfg = Release|Win32
		{3375B9F7-79B3-4BFE-953C-E4FE5A04E519}.Release|x86.Build.0 = Release|Win32
		{57EC4EDA-ADAA-4FE3-B6F3-7929E47A9B26}.Debug|x64.ActiveCfg = Debug|x64
		{57EC4EDA-ADAA-4FE3-B6F3-7929E47A9B26}.Debug|x64.Build.0 = Debug|x64
		{57EC4EDA-ADAA-4FE3-B6F3-7929E47A9B26}.Debug|x86.ActiveCfg = Debug|Win32
		{57EC4EDA-ADAA-4FE3-B6F3-7929E47A9B26}.Debug|x86.Build.0 = Debug|Win32
		{57EC4EDA-ADAA-4FE3-B6F3-7929E47A9B26}.Release|x64.ActiveCfg = Release|x64
		{57EC4EDA-ADAA-4FE3-B6F3-7929E47A9B26}.Release|x64.Build.0 = Release|x64
		{57EC4EDA-ADAA-4FE3-B6F3-7929E47A9B26}.Release|x86.ActiveCfg = Release|Win32
		{57EC4EDA-ADAA-4FE3-B6F3-7929E47A9B26}.Release|x86.Build.0 = Release|Win32
		{A5CD159D-0F47-40E4-96AE-C079185234B5}.Debug|x64.ActiveCfg = Debug|x64
		{A5CD159D-0F47-40E4-96AE-C079185234B5}.Debug|x64.Build.0 = Debug|x64
		{A5CD159D-0F47-40E4-96AE-C079185234B5}.Debug|x86.ActiveCfg = Debug|Win32
		{A5CD159D-0F47-40E4-96AE-C079185234B5}.Debug|x86.Build.0 = Debug|Win32
		{A5CD159D-0F47-40E4-96AE-C079185234B5}.Release|x64.ActiveCfg = Release|x64
		{A5CD159D-0F47-40E4-96AE-C079185234B5}.Release|x64.Build.0 = Release|x64
		{A5CD159D-0F47-40E4-96AE-C079185234B5}.Release|x86.ActiveCfg = Release|Win32
		{A5CD159D-0F47-40E4-96AE-C079185234B5}.Release|x86.Build.0 = Release|Win32
		{48E7AB2D-5823-402A-81B2-240DA33A285E}.Debug|x64.ActiveCfg = Debug|x64
		{48E7AB2D-5823-402A-81B2-240DA33A285E}.Debug|x64.Build.0 = Debug|x64
		{48E7AB2D-5823-402A-81B2-240DA33A285E}.Debug|x86.ActiveCfg = Debug|Win32
		{48E7AB2D-5823-402A-81B2-240DA33A285E}.Debug|x86.Build.0 = Debug|Win32
		{48E7AB2D-5823-402A-81B2-240DA33A285E}.Release|x64.ActiveCfg = Release|x64
		{48E7AB2D-5823-402A-81B2-240DA33A285E}.Release|x64.Build.0 = Release|x64
		{48E7AB2D-5823-402A-81B2-240DA33A285E}.Release|x86.ActiveCfg = Release|Win32
		{48E7AB2D-5823-402A-81B2-240DA33A285E}.Release|x86.Build.0 = Release|Win32
		{54234D10-EA56-44D2-B57E-87865F421980}.Debug|x64.ActiveCfg = Debug|x64
		{54234D10-EA56-44D2-B57E-87865F421980}.Debug|x64.Build.0 = Debug|x64
		{54234D10-EA56-44D2-B57E-87865F421980}.Debug|x86.ActiveCfg = Debug|Win32
		{54234D10-EA56-44D2-B57E-87865F421980}.Debug|x86.Build.0 = Debug|Win32
		{54234D10-EA56-44D2-B57E-87865F421980}.Release|x64.ActiveCfg = Release|x64
		{54234D10-EA56-44D2-B57E-87865F421980}.Release|x64.Build.0 = Release|x64
		{54234D10-EA56-44D2-B57E-87865F421980}.Release|x86.ActiveCfg = Release|Win32
		{54234D10-EA56-44D2-B57E-87865F421980}.Release|x86.Build.0 = Release|Win32
		{DDE6224D-89B7-434A-9773-CA7877953E73}.Debug|x64.ActiveCfg = Debug|x64
		{DDE6224D-89B7-434A-9773-CA7877953E73}.Debug|x64.Build.0 = Debug|x64
		{DDE6224D-89B7-434A-9773-CA7877953E73}.Debug|x86.ActiveCfg = Debug|Win32
		{DDE6224D-89B7-434A-9773-CA7877953E73}.Debug|x86.Build.0 = Debug|Win32
		{DDE6224D-89B7-434A-9773-CA7877953E73}.Release|x64.ActiveCfg = Release|x64
		{DDE6224D-89B7-434A-9773-CA7877953E73}.Release|x64.Build.0 = Release|x64
		{DDE6224D-89B7-434A-9773-CA7877953E73}.Release|x86.ActiveCfg = Release|Win32
		{DDE6224D-89B7-434A-9773-CA7877953E73}.Release|x86.Build.0 = Release|Win32
		{6ECB6A98-623F-4990-94C8-57CC5E080BC6}.Debug|x64.ActiveCfg = Debug|x64
		{6ECB6A98-623F-4990-94C8-57CC5E080BC6}.Debug|x64.Build.0 = Debug|x64
		{6ECB6A98-623F-4990-94C8-57CC5E080BC6}.Debug|x86.ActiveCfg = Debug|Win32
		{6ECB6A98-623F-4990-94C8-57CC5E080BC6}.Debug|x86.Build.0 = Debug|Win32
		{6ECB6A98-623F-4990-94C8-57CC5E080BC6}.Release|x64.ActiveCfg = Release|x64
		{6ECB6A98-623F-4990-94C8-57CC5E080BC6}.Release|x64.Build.0 = Release|x64
		{6ECB6A98-623F-4990-94C8-57CC5E080BC6}.Release|x86.ActiveCfg = Release|Win32
		{6ECB6A98-623F-4990-94C8-57CC5E080BC6}.Release|x86.Build.0 = Release|Win32
		{E12D5F37-9981-44D3-A7FC-70B94BFC9EF5}.Debug|x64.ActiveCfg = Debug|x64
		{E12D5F37-9981-44D3-A7FC-70B94BFC9EF5}.Debug|x64.Build.0 = Debug|x64
		{E12D5F37-9981-44D3-A7FC-70B94BFC9EF5}.Debug|x86.ActiveCfg = Debug|Win32
		{E12D5F37-9981-44D3-A7FC-70B94BFC9EF5}.Debug|x86.Build.0 = Debug|Win32
		{E12D5F37-9981-44D3-A7FC-70B94BFC9EF5}.Release|x64.ActiveCfg = Release|x64
		{E12D5F37-9981-44D3-A7FC-70B94BFC9EF5}.Release|x64.Build.0 = Release|x64
		{E12D5F37-9981-44D3-A7FC-70B94BFC9EF5}.Release|x86.ActiveCfg = Release|Win32
		{E12D5F37-9981-44D3-A7FC-70B94BFC9EF5}.Release|x86.Build.0 = Release|Win32
		{0B611A4B-9C7E-4D3E-B256-47503C2852A0}.Debug|x64.ActiveCfg = Debug|x64
		{0B611A4B-9C7E-4D3E-B256-47503C2852A0}.Debug|x64.Build.0 = Debug|x64
		{0B611A4B-9C7E-4D3E-B256-47503C2852A0}.Debug|x86.ActiveCfg = Debug|Win32
		{0B611A4B-9C7E-4D3E-B256-47503C2852A0}.Debug|x86.Build.0 = Debug|Win32
		{0B611A4B-9C7E-4D3E-B256-47503C2852A0}.Release|x64.ActiveCfg = Release|x64
		{0B611A4B-9C7E-4D3E-B256-47503C2852A0}.Release|x64.Build.0 = Release|x64
		{0B611A4B-9C7E-4D3E-B256-47503C2852A0}.Release|x86.ActiveCfg = Release|Win32
		{0B611A4B-9C7E-4D3E-B256-47503C2852A0}.Release|x86.Build.0 = Release|Win32
	EndGlobalSection
	GlobalSection(SolutionProperties) = preSolution
		HideSolutionNode = FALSE
	EndGlobalSection
	GlobalSection(ExtensibilityGlobals) = postSolution
		SolutionGuid = {C356F101-3245-4CB2-823A-C711FC7CD20F}
	EndGlobalSection
EndGlobal
